// !$*UTF8*$!
{
	archiveVersion = 1;
	classes = {
	};
	objectVersion = 46;
	objects = {

/* Begin PBXBuildFile section */
		7C30FFBF1B323DD30025B548 /* JJJSONModel.m in Sources */ = {isa = PBXBuildFile; fileRef = 7C30FFBE1B323DD30025B548 /* JJJSONModel.m */; };
		7CCC41CE1B31B741006074B0 /* JSONModel.m in Sources */ = {isa = PBXBuildFile; fileRef = 7CCC41B71B31B741006074B0 /* JSONModel.m */; };
		7CCC41CF1B31B741006074B0 /* JSONModelArray.m in Sources */ = {isa = PBXBuildFile; fileRef = 7CCC41B91B31B741006074B0 /* JSONModelArray.m */; };
		7CCC41D01B31B741006074B0 /* JSONModelClassProperty.m in Sources */ = {isa = PBXBuildFile; fileRef = 7CCC41BB1B31B741006074B0 /* JSONModelClassProperty.m */; };
		7CCC41D11B31B741006074B0 /* JSONModelError.m in Sources */ = {isa = PBXBuildFile; fileRef = 7CCC41BD1B31B741006074B0 /* JSONModelError.m */; };
		7CCC41D21B31B741006074B0 /* NSArray+JSONModel.m in Sources */ = {isa = PBXBuildFile; fileRef = 7CCC41C01B31B741006074B0 /* NSArray+JSONModel.m */; };
		7CCC41D31B31B741006074B0 /* JSONAPI.m in Sources */ = {isa = PBXBuildFile; fileRef = 7CCC41C41B31B741006074B0 /* JSONAPI.m */; };
		7CCC41D41B31B741006074B0 /* JSONHTTPClient.m in Sources */ = {isa = PBXBuildFile; fileRef = 7CCC41C61B31B741006074B0 /* JSONHTTPClient.m */; };
		7CCC41D51B31B741006074B0 /* JSONModel+networking.m in Sources */ = {isa = PBXBuildFile; fileRef = 7CCC41C81B31B741006074B0 /* JSONModel+networking.m */; };
		7CCC41D61B31B741006074B0 /* JSONKeyMapper.m in Sources */ = {isa = PBXBuildFile; fileRef = 7CCC41CB1B31B741006074B0 /* JSONKeyMapper.m */; };
		7CCC41D71B31B741006074B0 /* JSONValueTransformer.m in Sources */ = {isa = PBXBuildFile; fileRef = 7CCC41CD1B31B741006074B0 /* JSONValueTransformer.m */; };
		7CCC41DA1B31B798006074B0 /* JJWeatherJSONModel.m in Sources */ = {isa = PBXBuildFile; fileRef = 7CCC41D91B31B798006074B0 /* JJWeatherJSONModel.m */; };
		7CCC41DD1B31B7EE006074B0 /* JJWeatherJSONModelProtocol.m in Sources */ = {isa = PBXBuildFile; fileRef = 7CCC41DC1B31B7EE006074B0 /* JJWeatherJSONModelProtocol.m */; };
		7CCC41E01B31BFA2006074B0 /* JJWeatherJSONModelOperation.m in Sources */ = {isa = PBXBuildFile; fileRef = 7CCC41DF1B31BFA2006074B0 /* JJWeatherJSONModelOperation.m */; };
		A105D8E41B2E69BF00A80456 /* JJWeatherModel.m in Sources */ = {isa = PBXBuildFile; fileRef = A105D8E31B2E69BF00A80456 /* JJWeatherModel.m */; };
		A105D8E71B2E69D700A80456 /* JJWeatherOperation.m in Sources */ = {isa = PBXBuildFile; fileRef = A105D8E61B2E69D700A80456 /* JJWeatherOperation.m */; };
		A105D8EA1B2E6BBF00A80456 /* JJWeatherProtocol.m in Sources */ = {isa = PBXBuildFile; fileRef = A105D8E91B2E6BBF00A80456 /* JJWeatherProtocol.m */; };
		A105D8EC1B2E6F8D00A80456 /* weather.archiver in Resources */ = {isa = PBXBuildFile; fileRef = A105D8EB1B2E6F8D00A80456 /* weather.archiver */; };
		A11E21861B2C1F4D001CE732 /* main.m in Sources */ = {isa = PBXBuildFile; fileRef = A11E21851B2C1F4D001CE732 /* main.m */; };
		A11E21891B2C1F4D001CE732 /* AppDelegate.m in Sources */ = {isa = PBXBuildFile; fileRef = A11E21881B2C1F4D001CE732 /* AppDelegate.m */; };
		A11E218C1B2C1F4D001CE732 /* ViewController.m in Sources */ = {isa = PBXBuildFile; fileRef = A11E218B1B2C1F4D001CE732 /* ViewController.m */; };
		A11E218F1B2C1F4D001CE732 /* Main.storyboard in Resources */ = {isa = PBXBuildFile; fileRef = A11E218D1B2C1F4D001CE732 /* Main.storyboard */; };
		A11E21911B2C1F4D001CE732 /* Images.xcassets in Resources */ = {isa = PBXBuildFile; fileRef = A11E21901B2C1F4D001CE732 /* Images.xcassets */; };
		A11E21941B2C1F4D001CE732 /* LaunchScreen.xib in Resources */ = {isa = PBXBuildFile; fileRef = A11E21921B2C1F4D001CE732 /* LaunchScreen.xib */; };
		A11E21A01B2C1F4D001CE732 /* JJNetworkDataModelKitTests.m in Sources */ = {isa = PBXBuildFile; fileRef = A11E219F1B2C1F4D001CE732 /* JJNetworkDataModelKitTests.m */; };
		A1A093681B58E68700D3A3A4 /* JSONValueTransformer+JJ.m in Sources */ = {isa = PBXBuildFile; fileRef = A1A093651B58E68700D3A3A4 /* JSONValueTransformer+JJ.m */; };
		A1A093691B58E68700D3A3A4 /* NSFileManager+JJ.m in Sources */ = {isa = PBXBuildFile; fileRef = A1A093671B58E68700D3A3A4 /* NSFileManager+JJ.m */; };
		A1A9C1131B4BB14B00A3674A /* JJCommonArrayModel.m in Sources */ = {isa = PBXBuildFile; fileRef = A1A9C1121B4BB14B00A3674A /* JJCommonArrayModel.m */; };
		A1CE595C1B2DB90800238CB5 /* EXTRuntimeExtensions.m in Sources */ = {isa = PBXBuildFile; fileRef = A1CE59231B2DB90700238CB5 /* EXTRuntimeExtensions.m */; };
		A1CE595D1B2DB90800238CB5 /* EXTScope.m in Sources */ = {isa = PBXBuildFile; fileRef = A1CE59251B2DB90700238CB5 /* EXTScope.m */; };
		A1CE595E1B2DB90800238CB5 /* MTLJSONAdapter.m in Sources */ = {isa = PBXBuildFile; fileRef = A1CE59291B2DB90700238CB5 /* MTLJSONAdapter.m */; };
		A1CE595F1B2DB90800238CB5 /* MTLModel+NSCoding.m in Sources */ = {isa = PBXBuildFile; fileRef = A1CE592B1B2DB90700238CB5 /* MTLModel+NSCoding.m */; };
		A1CE59601B2DB90800238CB5 /* MTLModel.m in Sources */ = {isa = PBXBuildFile; fileRef = A1CE592D1B2DB90700238CB5 /* MTLModel.m */; };
		A1CE59611B2DB90800238CB5 /* MTLReflection.m in Sources */ = {isa = PBXBuildFile; fileRef = A1CE592F1B2DB90700238CB5 /* MTLReflection.m */; };
		A1CE59621B2DB90800238CB5 /* MTLTransformerErrorHandling.m in Sources */ = {isa = PBXBuildFile; fileRef = A1CE59311B2DB90700238CB5 /* MTLTransformerErrorHandling.m */; };
		A1CE59631B2DB90800238CB5 /* MTLValueTransformer.m in Sources */ = {isa = PBXBuildFile; fileRef = A1CE59331B2DB90700238CB5 /* MTLValueTransformer.m */; };
		A1CE59641B2DB90800238CB5 /* NSArray+MTLManipulationAdditions.m in Sources */ = {isa = PBXBuildFile; fileRef = A1CE59351B2DB90700238CB5 /* NSArray+MTLManipulationAdditions.m */; };
		A1CE59651B2DB90800238CB5 /* NSDictionary+MTLJSONKeyPath.m in Sources */ = {isa = PBXBuildFile; fileRef = A1CE59371B2DB90700238CB5 /* NSDictionary+MTLJSONKeyPath.m */; };
		A1CE59661B2DB90800238CB5 /* NSDictionary+MTLManipulationAdditions.m in Sources */ = {isa = PBXBuildFile; fileRef = A1CE59391B2DB90700238CB5 /* NSDictionary+MTLManipulationAdditions.m */; };
		A1CE59671B2DB90800238CB5 /* NSDictionary+MTLMappingAdditions.m in Sources */ = {isa = PBXBuildFile; fileRef = A1CE593B1B2DB90700238CB5 /* NSDictionary+MTLMappingAdditions.m */; };
		A1CE59681B2DB90800238CB5 /* NSError+MTLModelException.m in Sources */ = {isa = PBXBuildFile; fileRef = A1CE593D1B2DB90700238CB5 /* NSError+MTLModelException.m */; };
		A1CE59691B2DB90800238CB5 /* NSObject+MTLComparisonAdditions.m in Sources */ = {isa = PBXBuildFile; fileRef = A1CE593F1B2DB90700238CB5 /* NSObject+MTLComparisonAdditions.m */; };
		A1CE596A1B2DB90800238CB5 /* NSValueTransformer+MTLInversionAdditions.m in Sources */ = {isa = PBXBuildFile; fileRef = A1CE59411B2DB90800238CB5 /* NSValueTransformer+MTLInversionAdditions.m */; };
		A1CE596B1B2DB90800238CB5 /* NSValueTransformer+MTLPredefinedTransformerAdditions.m in Sources */ = {isa = PBXBuildFile; fileRef = A1CE59431B2DB90800238CB5 /* NSValueTransformer+MTLPredefinedTransformerAdditions.m */; };
		A1CE596C1B2DB90800238CB5 /* NSData+MKBase64.m in Sources */ = {isa = PBXBuildFile; fileRef = A1CE59491B2DB90800238CB5 /* NSData+MKBase64.m */; };
		A1CE596D1B2DB90800238CB5 /* NSDate+RFC1123.m in Sources */ = {isa = PBXBuildFile; fileRef = A1CE594B1B2DB90800238CB5 /* NSDate+RFC1123.m */; };
		A1CE596E1B2DB90800238CB5 /* NSDictionary+RequestEncoding.m in Sources */ = {isa = PBXBuildFile; fileRef = A1CE594D1B2DB90800238CB5 /* NSDictionary+RequestEncoding.m */; };
		A1CE596F1B2DB90800238CB5 /* NSString+MKNetworkKitAdditions.m in Sources */ = {isa = PBXBuildFile; fileRef = A1CE594F1B2DB90800238CB5 /* NSString+MKNetworkKitAdditions.m */; };
		A1CE59701B2DB90800238CB5 /* UIAlertView+MKNetworkKitAdditions.m in Sources */ = {isa = PBXBuildFile; fileRef = A1CE59511B2DB90800238CB5 /* UIAlertView+MKNetworkKitAdditions.m */; };
		A1CE59711B2DB90800238CB5 /* MKNetworkEngine.m in Sources */ = {isa = PBXBuildFile; fileRef = A1CE59531B2DB90800238CB5 /* MKNetworkEngine.m */; };
		A1CE59721B2DB90800238CB5 /* MKNetworkOperation.m in Sources */ = {isa = PBXBuildFile; fileRef = A1CE59561B2DB90800238CB5 /* MKNetworkOperation.m */; };
		A1CE59731B2DB90800238CB5 /* Reachability.m in Sources */ = {isa = PBXBuildFile; fileRef = A1CE59591B2DB90800238CB5 /* Reachability.m */; };
		A1CE59971B2DBD7800238CB5 /* JJApplicationLayerManager.m in Sources */ = {isa = PBXBuildFile; fileRef = A1CE597E1B2DBD7800238CB5 /* JJApplicationLayerManager.m */; };
		A1CE59981B2DBD7800238CB5 /* JJLinkLayerManager.m in Sources */ = {isa = PBXBuildFile; fileRef = A1CE59811B2DBD7800238CB5 /* JJLinkLayerManager.m */; };
		A1CE59991B2DBD7800238CB5 /* JJNetworkEngine.m in Sources */ = {isa = PBXBuildFile; fileRef = A1CE59831B2DBD7800238CB5 /* JJNetworkEngine.m */; };
		A1CE599A1B2DBD7800238CB5 /* JJModel.m in Sources */ = {isa = PBXBuildFile; fileRef = A1CE59861B2DBD7800238CB5 /* JJModel.m */; };
		A1CE599B1B2DBD7800238CB5 /* JJOperation.m in Sources */ = {isa = PBXBuildFile; fileRef = A1CE59891B2DBD7800238CB5 /* JJOperation.m */; };
		A1CE599C1B2DBD7800238CB5 /* JJProtocol.m in Sources */ = {isa = PBXBuildFile; fileRef = A1CE598C1B2DBD7800238CB5 /* JJProtocol.m */; };
		A1CE59A01B2DBD7800238CB5 /* JJNetworkDataModelKit+Test.m in Sources */ = {isa = PBXBuildFile; fileRef = A1CE59951B2DBD7800238CB5 /* JJNetworkDataModelKit+Test.m */; };
/* End PBXBuildFile section */

/* Begin PBXContainerItemProxy section */
		A11E219A1B2C1F4D001CE732 /* PBXContainerItemProxy */ = {
			isa = PBXContainerItemProxy;
			containerPortal = A11E21781B2C1F4D001CE732 /* Project object */;
			proxyType = 1;
			remoteGlobalIDString = A11E217F1B2C1F4D001CE732;
			remoteInfo = JJNetworkDataModelKit;
		};
/* End PBXContainerItemProxy section */

/* Begin PBXFileReference section */
		7C30FFBD1B323DD30025B548 /* JJJSONModel.h */ = {isa = PBXFileReference; fileEncoding = 4; lastKnownFileType = sourcecode.c.h; path = JJJSONModel.h; sourceTree = "<group>"; };
		7C30FFBE1B323DD30025B548 /* JJJSONModel.m */ = {isa = PBXFileReference; fileEncoding = 4; lastKnownFileType = sourcecode.c.objc; path = JJJSONModel.m; sourceTree = "<group>"; };
		7CCC41AB1B31A640006074B0 /* JJModelDelegate.h */ = {isa = PBXFileReference; fileEncoding = 4; lastKnownFileType = sourcecode.c.h; path = JJModelDelegate.h; sourceTree = "<group>"; };
		7CCC41B61B31B741006074B0 /* JSONModel.h */ = {isa = PBXFileReference; fileEncoding = 4; lastKnownFileType = sourcecode.c.h; path = JSONModel.h; sourceTree = "<group>"; };
		7CCC41B71B31B741006074B0 /* JSONModel.m */ = {isa = PBXFileReference; fileEncoding = 4; lastKnownFileType = sourcecode.c.objc; path = JSONModel.m; sourceTree = "<group>"; };
		7CCC41B81B31B741006074B0 /* JSONModelArray.h */ = {isa = PBXFileReference; fileEncoding = 4; lastKnownFileType = sourcecode.c.h; path = JSONModelArray.h; sourceTree = "<group>"; };
		7CCC41B91B31B741006074B0 /* JSONModelArray.m */ = {isa = PBXFileReference; fileEncoding = 4; lastKnownFileType = sourcecode.c.objc; path = JSONModelArray.m; sourceTree = "<group>"; };
		7CCC41BA1B31B741006074B0 /* JSONModelClassProperty.h */ = {isa = PBXFileReference; fileEncoding = 4; lastKnownFileType = sourcecode.c.h; path = JSONModelClassProperty.h; sourceTree = "<group>"; };
		7CCC41BB1B31B741006074B0 /* JSONModelClassProperty.m */ = {isa = PBXFileReference; fileEncoding = 4; lastKnownFileType = sourcecode.c.objc; path = JSONModelClassProperty.m; sourceTree = "<group>"; };
		7CCC41BC1B31B741006074B0 /* JSONModelError.h */ = {isa = PBXFileReference; fileEncoding = 4; lastKnownFileType = sourcecode.c.h; path = JSONModelError.h; sourceTree = "<group>"; };
		7CCC41BD1B31B741006074B0 /* JSONModelError.m */ = {isa = PBXFileReference; fileEncoding = 4; lastKnownFileType = sourcecode.c.objc; path = JSONModelError.m; sourceTree = "<group>"; };
		7CCC41BF1B31B741006074B0 /* NSArray+JSONModel.h */ = {isa = PBXFileReference; fileEncoding = 4; lastKnownFileType = sourcecode.c.h; path = "NSArray+JSONModel.h"; sourceTree = "<group>"; };
		7CCC41C01B31B741006074B0 /* NSArray+JSONModel.m */ = {isa = PBXFileReference; fileEncoding = 4; lastKnownFileType = sourcecode.c.objc; path = "NSArray+JSONModel.m"; sourceTree = "<group>"; };
		7CCC41C11B31B741006074B0 /* JSONModelLib.h */ = {isa = PBXFileReference; fileEncoding = 4; lastKnownFileType = sourcecode.c.h; path = JSONModelLib.h; sourceTree = "<group>"; };
		7CCC41C31B31B741006074B0 /* JSONAPI.h */ = {isa = PBXFileReference; fileEncoding = 4; lastKnownFileType = sourcecode.c.h; path = JSONAPI.h; sourceTree = "<group>"; };
		7CCC41C41B31B741006074B0 /* JSONAPI.m */ = {isa = PBXFileReference; fileEncoding = 4; lastKnownFileType = sourcecode.c.objc; path = JSONAPI.m; sourceTree = "<group>"; };
		7CCC41C51B31B741006074B0 /* JSONHTTPClient.h */ = {isa = PBXFileReference; fileEncoding = 4; lastKnownFileType = sourcecode.c.h; path = JSONHTTPClient.h; sourceTree = "<group>"; };
		7CCC41C61B31B741006074B0 /* JSONHTTPClient.m */ = {isa = PBXFileReference; fileEncoding = 4; lastKnownFileType = sourcecode.c.objc; path = JSONHTTPClient.m; sourceTree = "<group>"; };
		7CCC41C71B31B741006074B0 /* JSONModel+networking.h */ = {isa = PBXFileReference; fileEncoding = 4; lastKnownFileType = sourcecode.c.h; path = "JSONModel+networking.h"; sourceTree = "<group>"; };
		7CCC41C81B31B741006074B0 /* JSONModel+networking.m */ = {isa = PBXFileReference; fileEncoding = 4; lastKnownFileType = sourcecode.c.objc; path = "JSONModel+networking.m"; sourceTree = "<group>"; };
		7CCC41CA1B31B741006074B0 /* JSONKeyMapper.h */ = {isa = PBXFileReference; fileEncoding = 4; lastKnownFileType = sourcecode.c.h; path = JSONKeyMapper.h; sourceTree = "<group>"; };
		7CCC41CB1B31B741006074B0 /* JSONKeyMapper.m */ = {isa = PBXFileReference; fileEncoding = 4; lastKnownFileType = sourcecode.c.objc; path = JSONKeyMapper.m; sourceTree = "<group>"; };
		7CCC41CC1B31B741006074B0 /* JSONValueTransformer.h */ = {isa = PBXFileReference; fileEncoding = 4; lastKnownFileType = sourcecode.c.h; path = JSONValueTransformer.h; sourceTree = "<group>"; };
		7CCC41CD1B31B741006074B0 /* JSONValueTransformer.m */ = {isa = PBXFileReference; fileEncoding = 4; lastKnownFileType = sourcecode.c.objc; path = JSONValueTransformer.m; sourceTree = "<group>"; };
		7CCC41D81B31B798006074B0 /* JJWeatherJSONModel.h */ = {isa = PBXFileReference; fileEncoding = 4; lastKnownFileType = sourcecode.c.h; path = JJWeatherJSONModel.h; sourceTree = "<group>"; };
		7CCC41D91B31B798006074B0 /* JJWeatherJSONModel.m */ = {isa = PBXFileReference; fileEncoding = 4; lastKnownFileType = sourcecode.c.objc; path = JJWeatherJSONModel.m; sourceTree = "<group>"; };
		7CCC41DB1B31B7EE006074B0 /* JJWeatherJSONModelProtocol.h */ = {isa = PBXFileReference; fileEncoding = 4; lastKnownFileType = sourcecode.c.h; path = JJWeatherJSONModelProtocol.h; sourceTree = "<group>"; };
		7CCC41DC1B31B7EE006074B0 /* JJWeatherJSONModelProtocol.m */ = {isa = PBXFileReference; fileEncoding = 4; lastKnownFileType = sourcecode.c.objc; path = JJWeatherJSONModelProtocol.m; sourceTree = "<group>"; };
		7CCC41DE1B31BFA2006074B0 /* JJWeatherJSONModelOperation.h */ = {isa = PBXFileReference; fileEncoding = 4; lastKnownFileType = sourcecode.c.h; path = JJWeatherJSONModelOperation.h; sourceTree = "<group>"; };
		7CCC41DF1B31BFA2006074B0 /* JJWeatherJSONModelOperation.m */ = {isa = PBXFileReference; fileEncoding = 4; lastKnownFileType = sourcecode.c.objc; path = JJWeatherJSONModelOperation.m; sourceTree = "<group>"; };
		A105D8E21B2E69BF00A80456 /* JJWeatherModel.h */ = {isa = PBXFileReference; fileEncoding = 4; lastKnownFileType = sourcecode.c.h; path = JJWeatherModel.h; sourceTree = "<group>"; };
		A105D8E31B2E69BF00A80456 /* JJWeatherModel.m */ = {isa = PBXFileReference; fileEncoding = 4; lastKnownFileType = sourcecode.c.objc; path = JJWeatherModel.m; sourceTree = "<group>"; };
		A105D8E51B2E69D700A80456 /* JJWeatherOperation.h */ = {isa = PBXFileReference; fileEncoding = 4; lastKnownFileType = sourcecode.c.h; path = JJWeatherOperation.h; sourceTree = "<group>"; };
		A105D8E61B2E69D700A80456 /* JJWeatherOperation.m */ = {isa = PBXFileReference; fileEncoding = 4; lastKnownFileType = sourcecode.c.objc; path = JJWeatherOperation.m; sourceTree = "<group>"; };
		A105D8E81B2E6BBF00A80456 /* JJWeatherProtocol.h */ = {isa = PBXFileReference; fileEncoding = 4; lastKnownFileType = sourcecode.c.h; path = JJWeatherProtocol.h; sourceTree = "<group>"; };
		A105D8E91B2E6BBF00A80456 /* JJWeatherProtocol.m */ = {isa = PBXFileReference; fileEncoding = 4; lastKnownFileType = sourcecode.c.objc; path = JJWeatherProtocol.m; sourceTree = "<group>"; };
		A105D8EB1B2E6F8D00A80456 /* weather.archiver */ = {isa = PBXFileReference; lastKnownFileType = file.bplist; path = weather.archiver; sourceTree = "<group>"; };
		A11E21801B2C1F4D001CE732 /* JJNetworkDataModelKit.app */ = {isa = PBXFileReference; explicitFileType = wrapper.application; includeInIndex = 0; path = JJNetworkDataModelKit.app; sourceTree = BUILT_PRODUCTS_DIR; };
		A11E21841B2C1F4D001CE732 /* Info.plist */ = {isa = PBXFileReference; lastKnownFileType = text.plist.xml; path = Info.plist; sourceTree = "<group>"; };
		A11E21851B2C1F4D001CE732 /* main.m */ = {isa = PBXFileReference; lastKnownFileType = sourcecode.c.objc; path = main.m; sourceTree = "<group>"; };
		A11E21871B2C1F4D001CE732 /* AppDelegate.h */ = {isa = PBXFileReference; lastKnownFileType = sourcecode.c.h; path = AppDelegate.h; sourceTree = "<group>"; };
		A11E21881B2C1F4D001CE732 /* AppDelegate.m */ = {isa = PBXFileReference; lastKnownFileType = sourcecode.c.objc; path = AppDelegate.m; sourceTree = "<group>"; };
		A11E218A1B2C1F4D001CE732 /* ViewController.h */ = {isa = PBXFileReference; lastKnownFileType = sourcecode.c.h; path = ViewController.h; sourceTree = "<group>"; };
		A11E218B1B2C1F4D001CE732 /* ViewController.m */ = {isa = PBXFileReference; lastKnownFileType = sourcecode.c.objc; path = ViewController.m; sourceTree = "<group>"; };
		A11E218E1B2C1F4D001CE732 /* Base */ = {isa = PBXFileReference; lastKnownFileType = file.storyboard; name = Base; path = Base.lproj/Main.storyboard; sourceTree = "<group>"; };
		A11E21901B2C1F4D001CE732 /* Images.xcassets */ = {isa = PBXFileReference; lastKnownFileType = folder.assetcatalog; path = Images.xcassets; sourceTree = "<group>"; };
		A11E21931B2C1F4D001CE732 /* Base */ = {isa = PBXFileReference; lastKnownFileType = file.xib; name = Base; path = Base.lproj/LaunchScreen.xib; sourceTree = "<group>"; };
		A11E21991B2C1F4D001CE732 /* JJNetworkDataModelKitTests.xctest */ = {isa = PBXFileReference; explicitFileType = wrapper.cfbundle; includeInIndex = 0; path = JJNetworkDataModelKitTests.xctest; sourceTree = BUILT_PRODUCTS_DIR; };
		A11E219E1B2C1F4D001CE732 /* Info.plist */ = {isa = PBXFileReference; lastKnownFileType = text.plist.xml; path = Info.plist; sourceTree = "<group>"; };
		A11E219F1B2C1F4D001CE732 /* JJNetworkDataModelKitTests.m */ = {isa = PBXFileReference; lastKnownFileType = sourcecode.c.objc; path = JJNetworkDataModelKitTests.m; sourceTree = "<group>"; };
		A1A093641B58E68700D3A3A4 /* JSONValueTransformer+JJ.h */ = {isa = PBXFileReference; fileEncoding = 4; lastKnownFileType = sourcecode.c.h; path = "JSONValueTransformer+JJ.h"; sourceTree = "<group>"; };
		A1A093651B58E68700D3A3A4 /* JSONValueTransformer+JJ.m */ = {isa = PBXFileReference; fileEncoding = 4; lastKnownFileType = sourcecode.c.objc; path = "JSONValueTransformer+JJ.m"; sourceTree = "<group>"; };
		A1A093661B58E68700D3A3A4 /* NSFileManager+JJ.h */ = {isa = PBXFileReference; fileEncoding = 4; lastKnownFileType = sourcecode.c.h; path = "NSFileManager+JJ.h"; sourceTree = "<group>"; };
		A1A093671B58E68700D3A3A4 /* NSFileManager+JJ.m */ = {isa = PBXFileReference; fileEncoding = 4; lastKnownFileType = sourcecode.c.objc; path = "NSFileManager+JJ.m"; sourceTree = "<group>"; };
		A1A9C1111B4BB14B00A3674A /* JJCommonArrayModel.h */ = {isa = PBXFileReference; fileEncoding = 4; lastKnownFileType = sourcecode.c.h; path = JJCommonArrayModel.h; sourceTree = "<group>"; };
		A1A9C1121B4BB14B00A3674A /* JJCommonArrayModel.m */ = {isa = PBXFileReference; fileEncoding = 4; lastKnownFileType = sourcecode.c.objc; path = JJCommonArrayModel.m; sourceTree = "<group>"; };
		A1CE591D1B2DB90700238CB5 /* JJMantleHeader.h */ = {isa = PBXFileReference; fileEncoding = 4; lastKnownFileType = sourcecode.c.h; path = JJMantleHeader.h; sourceTree = "<group>"; };
		A1CE59211B2DB90700238CB5 /* EXTKeyPathCoding.h */ = {isa = PBXFileReference; fileEncoding = 4; lastKnownFileType = sourcecode.c.h; path = EXTKeyPathCoding.h; sourceTree = "<group>"; };
		A1CE59221B2DB90700238CB5 /* EXTRuntimeExtensions.h */ = {isa = PBXFileReference; fileEncoding = 4; lastKnownFileType = sourcecode.c.h; path = EXTRuntimeExtensions.h; sourceTree = "<group>"; };
		A1CE59231B2DB90700238CB5 /* EXTRuntimeExtensions.m */ = {isa = PBXFileReference; fileEncoding = 4; lastKnownFileType = sourcecode.c.objc; path = EXTRuntimeExtensions.m; sourceTree = "<group>"; };
		A1CE59241B2DB90700238CB5 /* EXTScope.h */ = {isa = PBXFileReference; fileEncoding = 4; lastKnownFileType = sourcecode.c.h; path = EXTScope.h; sourceTree = "<group>"; };
		A1CE59251B2DB90700238CB5 /* EXTScope.m */ = {isa = PBXFileReference; fileEncoding = 4; lastKnownFileType = sourcecode.c.objc; path = EXTScope.m; sourceTree = "<group>"; };
		A1CE59261B2DB90700238CB5 /* metamacros.h */ = {isa = PBXFileReference; fileEncoding = 4; lastKnownFileType = sourcecode.c.h; path = metamacros.h; sourceTree = "<group>"; };
		A1CE59271B2DB90700238CB5 /* Mantle.h */ = {isa = PBXFileReference; fileEncoding = 4; lastKnownFileType = sourcecode.c.h; path = Mantle.h; sourceTree = "<group>"; };
		A1CE59281B2DB90700238CB5 /* MTLJSONAdapter.h */ = {isa = PBXFileReference; fileEncoding = 4; lastKnownFileType = sourcecode.c.h; path = MTLJSONAdapter.h; sourceTree = "<group>"; };
		A1CE59291B2DB90700238CB5 /* MTLJSONAdapter.m */ = {isa = PBXFileReference; fileEncoding = 4; lastKnownFileType = sourcecode.c.objc; path = MTLJSONAdapter.m; sourceTree = "<group>"; };
		A1CE592A1B2DB90700238CB5 /* MTLModel+NSCoding.h */ = {isa = PBXFileReference; fileEncoding = 4; lastKnownFileType = sourcecode.c.h; path = "MTLModel+NSCoding.h"; sourceTree = "<group>"; };
		A1CE592B1B2DB90700238CB5 /* MTLModel+NSCoding.m */ = {isa = PBXFileReference; fileEncoding = 4; lastKnownFileType = sourcecode.c.objc; path = "MTLModel+NSCoding.m"; sourceTree = "<group>"; };
		A1CE592C1B2DB90700238CB5 /* MTLModel.h */ = {isa = PBXFileReference; fileEncoding = 4; lastKnownFileType = sourcecode.c.h; path = MTLModel.h; sourceTree = "<group>"; };
		A1CE592D1B2DB90700238CB5 /* MTLModel.m */ = {isa = PBXFileReference; fileEncoding = 4; lastKnownFileType = sourcecode.c.objc; path = MTLModel.m; sourceTree = "<group>"; };
		A1CE592E1B2DB90700238CB5 /* MTLReflection.h */ = {isa = PBXFileReference; fileEncoding = 4; lastKnownFileType = sourcecode.c.h; path = MTLReflection.h; sourceTree = "<group>"; };
		A1CE592F1B2DB90700238CB5 /* MTLReflection.m */ = {isa = PBXFileReference; fileEncoding = 4; lastKnownFileType = sourcecode.c.objc; path = MTLReflection.m; sourceTree = "<group>"; };
		A1CE59301B2DB90700238CB5 /* MTLTransformerErrorHandling.h */ = {isa = PBXFileReference; fileEncoding = 4; lastKnownFileType = sourcecode.c.h; path = MTLTransformerErrorHandling.h; sourceTree = "<group>"; };
		A1CE59311B2DB90700238CB5 /* MTLTransformerErrorHandling.m */ = {isa = PBXFileReference; fileEncoding = 4; lastKnownFileType = sourcecode.c.objc; path = MTLTransformerErrorHandling.m; sourceTree = "<group>"; };
		A1CE59321B2DB90700238CB5 /* MTLValueTransformer.h */ = {isa = PBXFileReference; fileEncoding = 4; lastKnownFileType = sourcecode.c.h; path = MTLValueTransformer.h; sourceTree = "<group>"; };
		A1CE59331B2DB90700238CB5 /* MTLValueTransformer.m */ = {isa = PBXFileReference; fileEncoding = 4; lastKnownFileType = sourcecode.c.objc; path = MTLValueTransformer.m; sourceTree = "<group>"; };
		A1CE59341B2DB90700238CB5 /* NSArray+MTLManipulationAdditions.h */ = {isa = PBXFileReference; fileEncoding = 4; lastKnownFileType = sourcecode.c.h; path = "NSArray+MTLManipulationAdditions.h"; sourceTree = "<group>"; };
		A1CE59351B2DB90700238CB5 /* NSArray+MTLManipulationAdditions.m */ = {isa = PBXFileReference; fileEncoding = 4; lastKnownFileType = sourcecode.c.objc; path = "NSArray+MTLManipulationAdditions.m"; sourceTree = "<group>"; };
		A1CE59361B2DB90700238CB5 /* NSDictionary+MTLJSONKeyPath.h */ = {isa = PBXFileReference; fileEncoding = 4; lastKnownFileType = sourcecode.c.h; path = "NSDictionary+MTLJSONKeyPath.h"; sourceTree = "<group>"; };
		A1CE59371B2DB90700238CB5 /* NSDictionary+MTLJSONKeyPath.m */ = {isa = PBXFileReference; fileEncoding = 4; lastKnownFileType = sourcecode.c.objc; path = "NSDictionary+MTLJSONKeyPath.m"; sourceTree = "<group>"; };
		A1CE59381B2DB90700238CB5 /* NSDictionary+MTLManipulationAdditions.h */ = {isa = PBXFileReference; fileEncoding = 4; lastKnownFileType = sourcecode.c.h; path = "NSDictionary+MTLManipulationAdditions.h"; sourceTree = "<group>"; };
		A1CE59391B2DB90700238CB5 /* NSDictionary+MTLManipulationAdditions.m */ = {isa = PBXFileReference; fileEncoding = 4; lastKnownFileType = sourcecode.c.objc; path = "NSDictionary+MTLManipulationAdditions.m"; sourceTree = "<group>"; };
		A1CE593A1B2DB90700238CB5 /* NSDictionary+MTLMappingAdditions.h */ = {isa = PBXFileReference; fileEncoding = 4; lastKnownFileType = sourcecode.c.h; path = "NSDictionary+MTLMappingAdditions.h"; sourceTree = "<group>"; };
		A1CE593B1B2DB90700238CB5 /* NSDictionary+MTLMappingAdditions.m */ = {isa = PBXFileReference; fileEncoding = 4; lastKnownFileType = sourcecode.c.objc; path = "NSDictionary+MTLMappingAdditions.m"; sourceTree = "<group>"; };
		A1CE593C1B2DB90700238CB5 /* NSError+MTLModelException.h */ = {isa = PBXFileReference; fileEncoding = 4; lastKnownFileType = sourcecode.c.h; path = "NSError+MTLModelException.h"; sourceTree = "<group>"; };
		A1CE593D1B2DB90700238CB5 /* NSError+MTLModelException.m */ = {isa = PBXFileReference; fileEncoding = 4; lastKnownFileType = sourcecode.c.objc; path = "NSError+MTLModelException.m"; sourceTree = "<group>"; };
		A1CE593E1B2DB90700238CB5 /* NSObject+MTLComparisonAdditions.h */ = {isa = PBXFileReference; fileEncoding = 4; lastKnownFileType = sourcecode.c.h; path = "NSObject+MTLComparisonAdditions.h"; sourceTree = "<group>"; };
		A1CE593F1B2DB90700238CB5 /* NSObject+MTLComparisonAdditions.m */ = {isa = PBXFileReference; fileEncoding = 4; lastKnownFileType = sourcecode.c.objc; path = "NSObject+MTLComparisonAdditions.m"; sourceTree = "<group>"; };
		A1CE59401B2DB90800238CB5 /* NSValueTransformer+MTLInversionAdditions.h */ = {isa = PBXFileReference; fileEncoding = 4; lastKnownFileType = sourcecode.c.h; path = "NSValueTransformer+MTLInversionAdditions.h"; sourceTree = "<group>"; };
		A1CE59411B2DB90800238CB5 /* NSValueTransformer+MTLInversionAdditions.m */ = {isa = PBXFileReference; fileEncoding = 4; lastKnownFileType = sourcecode.c.objc; path = "NSValueTransformer+MTLInversionAdditions.m"; sourceTree = "<group>"; };
		A1CE59421B2DB90800238CB5 /* NSValueTransformer+MTLPredefinedTransformerAdditions.h */ = {isa = PBXFileReference; fileEncoding = 4; lastKnownFileType = sourcecode.c.h; path = "NSValueTransformer+MTLPredefinedTransformerAdditions.h"; sourceTree = "<group>"; };
		A1CE59431B2DB90800238CB5 /* NSValueTransformer+MTLPredefinedTransformerAdditions.m */ = {isa = PBXFileReference; fileEncoding = 4; lastKnownFileType = sourcecode.c.objc; path = "NSValueTransformer+MTLPredefinedTransformerAdditions.m"; sourceTree = "<group>"; };
		A1CE59481B2DB90800238CB5 /* NSData+MKBase64.h */ = {isa = PBXFileReference; fileEncoding = 4; lastKnownFileType = sourcecode.c.h; path = "NSData+MKBase64.h"; sourceTree = "<group>"; };
		A1CE59491B2DB90800238CB5 /* NSData+MKBase64.m */ = {isa = PBXFileReference; fileEncoding = 4; lastKnownFileType = sourcecode.c.objc; path = "NSData+MKBase64.m"; sourceTree = "<group>"; };
		A1CE594A1B2DB90800238CB5 /* NSDate+RFC1123.h */ = {isa = PBXFileReference; fileEncoding = 4; lastKnownFileType = sourcecode.c.h; path = "NSDate+RFC1123.h"; sourceTree = "<group>"; };
		A1CE594B1B2DB90800238CB5 /* NSDate+RFC1123.m */ = {isa = PBXFileReference; fileEncoding = 4; lastKnownFileType = sourcecode.c.objc; path = "NSDate+RFC1123.m"; sourceTree = "<group>"; };
		A1CE594C1B2DB90800238CB5 /* NSDictionary+RequestEncoding.h */ = {isa = PBXFileReference; fileEncoding = 4; lastKnownFileType = sourcecode.c.h; path = "NSDictionary+RequestEncoding.h"; sourceTree = "<group>"; };
		A1CE594D1B2DB90800238CB5 /* NSDictionary+RequestEncoding.m */ = {isa = PBXFileReference; fileEncoding = 4; lastKnownFileType = sourcecode.c.objc; path = "NSDictionary+RequestEncoding.m"; sourceTree = "<group>"; };
		A1CE594E1B2DB90800238CB5 /* NSString+MKNetworkKitAdditions.h */ = {isa = PBXFileReference; fileEncoding = 4; lastKnownFileType = sourcecode.c.h; path = "NSString+MKNetworkKitAdditions.h"; sourceTree = "<group>"; };
		A1CE594F1B2DB90800238CB5 /* NSString+MKNetworkKitAdditions.m */ = {isa = PBXFileReference; fileEncoding = 4; lastKnownFileType = sourcecode.c.objc; path = "NSString+MKNetworkKitAdditions.m"; sourceTree = "<group>"; };
		A1CE59501B2DB90800238CB5 /* UIAlertView+MKNetworkKitAdditions.h */ = {isa = PBXFileReference; fileEncoding = 4; lastKnownFileType = sourcecode.c.h; path = "UIAlertView+MKNetworkKitAdditions.h"; sourceTree = "<group>"; };
		A1CE59511B2DB90800238CB5 /* UIAlertView+MKNetworkKitAdditions.m */ = {isa = PBXFileReference; fileEncoding = 4; lastKnownFileType = sourcecode.c.objc; path = "UIAlertView+MKNetworkKitAdditions.m"; sourceTree = "<group>"; };
		A1CE59521B2DB90800238CB5 /* MKNetworkEngine.h */ = {isa = PBXFileReference; fileEncoding = 4; lastKnownFileType = sourcecode.c.h; path = MKNetworkEngine.h; sourceTree = "<group>"; };
		A1CE59531B2DB90800238CB5 /* MKNetworkEngine.m */ = {isa = PBXFileReference; fileEncoding = 4; lastKnownFileType = sourcecode.c.objc; path = MKNetworkEngine.m; sourceTree = "<group>"; };
		A1CE59541B2DB90800238CB5 /* MKNetworkKit.h */ = {isa = PBXFileReference; fileEncoding = 4; lastKnownFileType = sourcecode.c.h; path = MKNetworkKit.h; sourceTree = "<group>"; };
		A1CE59551B2DB90800238CB5 /* MKNetworkOperation.h */ = {isa = PBXFileReference; fileEncoding = 4; lastKnownFileType = sourcecode.c.h; path = MKNetworkOperation.h; sourceTree = "<group>"; };
		A1CE59561B2DB90800238CB5 /* MKNetworkOperation.m */ = {isa = PBXFileReference; fileEncoding = 4; lastKnownFileType = sourcecode.c.objc; path = MKNetworkOperation.m; sourceTree = "<group>"; };
		A1CE59581B2DB90800238CB5 /* Reachability.h */ = {isa = PBXFileReference; fileEncoding = 4; lastKnownFileType = sourcecode.c.h; path = Reachability.h; sourceTree = "<group>"; };
		A1CE59591B2DB90800238CB5 /* Reachability.m */ = {isa = PBXFileReference; fileEncoding = 4; lastKnownFileType = sourcecode.c.objc; path = Reachability.m; sourceTree = "<group>"; };
		A1CE597A1B2DBB6D00238CB5 /* JJNetworkDataModelKit-Prefix.pch */ = {isa = PBXFileReference; fileEncoding = 4; lastKnownFileType = sourcecode.c.h; path = "JJNetworkDataModelKit-Prefix.pch"; sourceTree = "<group>"; };
		A1CE597D1B2DBD7800238CB5 /* JJApplicationLayerManager.h */ = {isa = PBXFileReference; fileEncoding = 4; lastKnownFileType = sourcecode.c.h; path = JJApplicationLayerManager.h; sourceTree = "<group>"; };
		A1CE597E1B2DBD7800238CB5 /* JJApplicationLayerManager.m */ = {isa = PBXFileReference; fileEncoding = 4; lastKnownFileType = sourcecode.c.objc; path = JJApplicationLayerManager.m; sourceTree = "<group>"; };
		A1CE59801B2DBD7800238CB5 /* JJLinkLayerManager.h */ = {isa = PBXFileReference; fileEncoding = 4; lastKnownFileType = sourcecode.c.h; path = JJLinkLayerManager.h; sourceTree = "<group>"; };
		A1CE59811B2DBD7800238CB5 /* JJLinkLayerManager.m */ = {isa = PBXFileReference; fileEncoding = 4; lastKnownFileType = sourcecode.c.objc; path = JJLinkLayerManager.m; sourceTree = "<group>"; };
		A1CE59821B2DBD7800238CB5 /* JJNetworkEngine.h */ = {isa = PBXFileReference; fileEncoding = 4; lastKnownFileType = sourcecode.c.h; path = JJNetworkEngine.h; sourceTree = "<group>"; };
		A1CE59831B2DBD7800238CB5 /* JJNetworkEngine.m */ = {isa = PBXFileReference; fileEncoding = 4; lastKnownFileType = sourcecode.c.objc; path = JJNetworkEngine.m; sourceTree = "<group>"; };
		A1CE59851B2DBD7800238CB5 /* JJModel.h */ = {isa = PBXFileReference; fileEncoding = 4; lastKnownFileType = sourcecode.c.h; path = JJModel.h; sourceTree = "<group>"; };
		A1CE59861B2DBD7800238CB5 /* JJModel.m */ = {isa = PBXFileReference; fileEncoding = 4; lastKnownFileType = sourcecode.c.objc; path = JJModel.m; sourceTree = "<group>"; };
		A1CE59881B2DBD7800238CB5 /* JJOperation.h */ = {isa = PBXFileReference; fileEncoding = 4; lastKnownFileType = sourcecode.c.h; path = JJOperation.h; sourceTree = "<group>"; };
		A1CE59891B2DBD7800238CB5 /* JJOperation.m */ = {isa = PBXFileReference; fileEncoding = 4; lastKnownFileType = sourcecode.c.objc; path = JJOperation.m; sourceTree = "<group>"; };
		A1CE598B1B2DBD7800238CB5 /* JJProtocol.h */ = {isa = PBXFileReference; fileEncoding = 4; lastKnownFileType = sourcecode.c.h; path = JJProtocol.h; sourceTree = "<group>"; };
		A1CE598C1B2DBD7800238CB5 /* JJProtocol.m */ = {isa = PBXFileReference; fileEncoding = 4; lastKnownFileType = sourcecode.c.objc; path = JJProtocol.m; sourceTree = "<group>"; };
		A1CE59941B2DBD7800238CB5 /* JJNetworkDataModelKit+Test.h */ = {isa = PBXFileReference; fileEncoding = 4; lastKnownFileType = sourcecode.c.h; path = "JJNetworkDataModelKit+Test.h"; sourceTree = "<group>"; };
		A1CE59951B2DBD7800238CB5 /* JJNetworkDataModelKit+Test.m */ = {isa = PBXFileReference; fileEncoding = 4; lastKnownFileType = sourcecode.c.objc; path = "JJNetworkDataModelKit+Test.m"; sourceTree = "<group>"; };
		A1CE59A21B2DC2C600238CB5 /* JJNetworkDataModelKit.h */ = {isa = PBXFileReference; fileEncoding = 4; lastKnownFileType = sourcecode.c.h; path = JJNetworkDataModelKit.h; sourceTree = "<group>"; };
/* End PBXFileReference section */

/* Begin PBXFrameworksBuildPhase section */
		A11E217D1B2C1F4D001CE732 /* Frameworks */ = {
			isa = PBXFrameworksBuildPhase;
			buildActionMask = 2147483647;
			files = (
			);
			runOnlyForDeploymentPostprocessing = 0;
		};
		A11E21961B2C1F4D001CE732 /* Frameworks */ = {
			isa = PBXFrameworksBuildPhase;
			buildActionMask = 2147483647;
			files = (
			);
			runOnlyForDeploymentPostprocessing = 0;
		};
/* End PBXFrameworksBuildPhase section */

/* Begin PBXGroup section */
		7CCC41B31B31B741006074B0 /* JSONModel */ = {
			isa = PBXGroup;
			children = (
				7CCC41B41B31B741006074B0 /* JSONModel-1.1.0 */,
			);
			path = JSONModel;
			sourceTree = "<group>";
		};
		7CCC41B41B31B741006074B0 /* JSONModel-1.1.0 */ = {
			isa = PBXGroup;
			children = (
				7CCC41B51B31B741006074B0 /* JSONModel */,
				7CCC41BE1B31B741006074B0 /* JSONModelCategories */,
				7CCC41C11B31B741006074B0 /* JSONModelLib.h */,
				7CCC41C21B31B741006074B0 /* JSONModelNetworking */,
				7CCC41C91B31B741006074B0 /* JSONModelTransformations */,
			);
			path = "JSONModel-1.1.0";
			sourceTree = "<group>";
		};
		7CCC41B51B31B741006074B0 /* JSONModel */ = {
			isa = PBXGroup;
			children = (
				7CCC41B61B31B741006074B0 /* JSONModel.h */,
				7CCC41B71B31B741006074B0 /* JSONModel.m */,
				7CCC41B81B31B741006074B0 /* JSONModelArray.h */,
				7CCC41B91B31B741006074B0 /* JSONModelArray.m */,
				7CCC41BA1B31B741006074B0 /* JSONModelClassProperty.h */,
				7CCC41BB1B31B741006074B0 /* JSONModelClassProperty.m */,
				7CCC41BC1B31B741006074B0 /* JSONModelError.h */,
				7CCC41BD1B31B741006074B0 /* JSONModelError.m */,
			);
			path = JSONModel;
			sourceTree = "<group>";
		};
		7CCC41BE1B31B741006074B0 /* JSONModelCategories */ = {
			isa = PBXGroup;
			children = (
				7CCC41BF1B31B741006074B0 /* NSArray+JSONModel.h */,
				7CCC41C01B31B741006074B0 /* NSArray+JSONModel.m */,
			);
			path = JSONModelCategories;
			sourceTree = "<group>";
		};
		7CCC41C21B31B741006074B0 /* JSONModelNetworking */ = {
			isa = PBXGroup;
			children = (
				7CCC41C31B31B741006074B0 /* JSONAPI.h */,
				7CCC41C41B31B741006074B0 /* JSONAPI.m */,
				7CCC41C51B31B741006074B0 /* JSONHTTPClient.h */,
				7CCC41C61B31B741006074B0 /* JSONHTTPClient.m */,
				7CCC41C71B31B741006074B0 /* JSONModel+networking.h */,
				7CCC41C81B31B741006074B0 /* JSONModel+networking.m */,
			);
			path = JSONModelNetworking;
			sourceTree = "<group>";
		};
		7CCC41C91B31B741006074B0 /* JSONModelTransformations */ = {
			isa = PBXGroup;
			children = (
				7CCC41CA1B31B741006074B0 /* JSONKeyMapper.h */,
				7CCC41CB1B31B741006074B0 /* JSONKeyMapper.m */,
				7CCC41CC1B31B741006074B0 /* JSONValueTransformer.h */,
				7CCC41CD1B31B741006074B0 /* JSONValueTransformer.m */,
			);
			path = JSONModelTransformations;
			sourceTree = "<group>";
		};
		A11E21771B2C1F4D001CE732 = {
			isa = PBXGroup;
			children = (
				A11E21821B2C1F4D001CE732 /* JJNetworkDataModelKit */,
				A11E219C1B2C1F4D001CE732 /* JJNetworkDataModelKitTests */,
				A11E21811B2C1F4D001CE732 /* Products */,
			);
			sourceTree = "<group>";
		};
		A11E21811B2C1F4D001CE732 /* Products */ = {
			isa = PBXGroup;
			children = (
				A11E21801B2C1F4D001CE732 /* JJNetworkDataModelKit.app */,
				A11E21991B2C1F4D001CE732 /* JJNetworkDataModelKitTests.xctest */,
			);
			name = Products;
			sourceTree = "<group>";
		};
		A11E21821B2C1F4D001CE732 /* JJNetworkDataModelKit */ = {
			isa = PBXGroup;
			children = (
				A1CE59181B2DB90700238CB5 /* Vendor */,
				A11E21A91B2C1F8D001CE732 /* API */,
				A11E21871B2C1F4D001CE732 /* AppDelegate.h */,
				A11E21881B2C1F4D001CE732 /* AppDelegate.m */,
				A11E218A1B2C1F4D001CE732 /* ViewController.h */,
				A11E218B1B2C1F4D001CE732 /* ViewController.m */,
				A11E218D1B2C1F4D001CE732 /* Main.storyboard */,
				A11E21901B2C1F4D001CE732 /* Images.xcassets */,
				A11E21921B2C1F4D001CE732 /* LaunchScreen.xib */,
				A11E21831B2C1F4D001CE732 /* Supporting Files */,
			);
			path = JJNetworkDataModelKit;
			sourceTree = "<group>";
		};
		A11E21831B2C1F4D001CE732 /* Supporting Files */ = {
			isa = PBXGroup;
			children = (
				A1CE597A1B2DBB6D00238CB5 /* JJNetworkDataModelKit-Prefix.pch */,
				A11E21841B2C1F4D001CE732 /* Info.plist */,
				A11E21851B2C1F4D001CE732 /* main.m */,
			);
			name = "Supporting Files";
			sourceTree = "<group>";
		};
		A11E219C1B2C1F4D001CE732 /* JJNetworkDataModelKitTests */ = {
			isa = PBXGroup;
			children = (
				A11E219F1B2C1F4D001CE732 /* JJNetworkDataModelKitTests.m */,
				A11E219D1B2C1F4D001CE732 /* Supporting Files */,
			);
			path = JJNetworkDataModelKitTests;
			sourceTree = "<group>";
		};
		A11E219D1B2C1F4D001CE732 /* Supporting Files */ = {
			isa = PBXGroup;
			children = (
				A11E219E1B2C1F4D001CE732 /* Info.plist */,
			);
			name = "Supporting Files";
			sourceTree = "<group>";
		};
		A11E21A91B2C1F8D001CE732 /* API */ = {
			isa = PBXGroup;
			children = (
				A1CE597B1B2DBD7800238CB5 /* JJNetworkDataModelKit */,
			);
			name = API;
			sourceTree = "<group>";
		};
		A1A093631B58E68700D3A3A4 /* Category */ = {
			isa = PBXGroup;
			children = (
				A1A093641B58E68700D3A3A4 /* JSONValueTransformer+JJ.h */,
				A1A093651B58E68700D3A3A4 /* JSONValueTransformer+JJ.m */,
				A1A093661B58E68700D3A3A4 /* NSFileManager+JJ.h */,
				A1A093671B58E68700D3A3A4 /* NSFileManager+JJ.m */,
			);
			path = Category;
			sourceTree = "<group>";
		};
		A1CE59181B2DB90700238CB5 /* Vendor */ = {
			isa = PBXGroup;
			children = (
				7CCC41B31B31B741006074B0 /* JSONModel */,
				A1CE59191B2DB90700238CB5 /* Mantle */,
				A1CE59441B2DB90800238CB5 /* MKNetworkKit */,
			);
			path = Vendor;
			sourceTree = "<group>";
		};
		A1CE59191B2DB90700238CB5 /* Mantle */ = {
			isa = PBXGroup;
			children = (
				A1CE591A1B2DB90700238CB5 /* Helper */,
				A1CE591F1B2DB90700238CB5 /* Mantle-2.0.1 */,
			);
			path = Mantle;
			sourceTree = "<group>";
		};
		A1CE591A1B2DB90700238CB5 /* Helper */ = {
			isa = PBXGroup;
			children = (
				A1CE591D1B2DB90700238CB5 /* JJMantleHeader.h */,
			);
			path = Helper;
			sourceTree = "<group>";
		};
		A1CE591F1B2DB90700238CB5 /* Mantle-2.0.1 */ = {
			isa = PBXGroup;
			children = (
				A1CE59201B2DB90700238CB5 /* extobjc */,
				A1CE59271B2DB90700238CB5 /* Mantle.h */,
				A1CE59281B2DB90700238CB5 /* MTLJSONAdapter.h */,
				A1CE59291B2DB90700238CB5 /* MTLJSONAdapter.m */,
				A1CE592A1B2DB90700238CB5 /* MTLModel+NSCoding.h */,
				A1CE592B1B2DB90700238CB5 /* MTLModel+NSCoding.m */,
				A1CE592C1B2DB90700238CB5 /* MTLModel.h */,
				A1CE592D1B2DB90700238CB5 /* MTLModel.m */,
				A1CE592E1B2DB90700238CB5 /* MTLReflection.h */,
				A1CE592F1B2DB90700238CB5 /* MTLReflection.m */,
				A1CE59301B2DB90700238CB5 /* MTLTransformerErrorHandling.h */,
				A1CE59311B2DB90700238CB5 /* MTLTransformerErrorHandling.m */,
				A1CE59321B2DB90700238CB5 /* MTLValueTransformer.h */,
				A1CE59331B2DB90700238CB5 /* MTLValueTransformer.m */,
				A1CE59341B2DB90700238CB5 /* NSArray+MTLManipulationAdditions.h */,
				A1CE59351B2DB90700238CB5 /* NSArray+MTLManipulationAdditions.m */,
				A1CE59361B2DB90700238CB5 /* NSDictionary+MTLJSONKeyPath.h */,
				A1CE59371B2DB90700238CB5 /* NSDictionary+MTLJSONKeyPath.m */,
				A1CE59381B2DB90700238CB5 /* NSDictionary+MTLManipulationAdditions.h */,
				A1CE59391B2DB90700238CB5 /* NSDictionary+MTLManipulationAdditions.m */,
				A1CE593A1B2DB90700238CB5 /* NSDictionary+MTLMappingAdditions.h */,
				A1CE593B1B2DB90700238CB5 /* NSDictionary+MTLMappingAdditions.m */,
				A1CE593C1B2DB90700238CB5 /* NSError+MTLModelException.h */,
				A1CE593D1B2DB90700238CB5 /* NSError+MTLModelException.m */,
				A1CE593E1B2DB90700238CB5 /* NSObject+MTLComparisonAdditions.h */,
				A1CE593F1B2DB90700238CB5 /* NSObject+MTLComparisonAdditions.m */,
				A1CE59401B2DB90800238CB5 /* NSValueTransformer+MTLInversionAdditions.h */,
				A1CE59411B2DB90800238CB5 /* NSValueTransformer+MTLInversionAdditions.m */,
				A1CE59421B2DB90800238CB5 /* NSValueTransformer+MTLPredefinedTransformerAdditions.h */,
				A1CE59431B2DB90800238CB5 /* NSValueTransformer+MTLPredefinedTransformerAdditions.m */,
			);
			path = "Mantle-2.0.1";
			sourceTree = "<group>";
		};
		A1CE59201B2DB90700238CB5 /* extobjc */ = {
			isa = PBXGroup;
			children = (
				A1CE59211B2DB90700238CB5 /* EXTKeyPathCoding.h */,
				A1CE59221B2DB90700238CB5 /* EXTRuntimeExtensions.h */,
				A1CE59231B2DB90700238CB5 /* EXTRuntimeExtensions.m */,
				A1CE59241B2DB90700238CB5 /* EXTScope.h */,
				A1CE59251B2DB90700238CB5 /* EXTScope.m */,
				A1CE59261B2DB90700238CB5 /* metamacros.h */,
			);
			path = extobjc;
			sourceTree = "<group>";
		};
		A1CE59441B2DB90800238CB5 /* MKNetworkKit */ = {
			isa = PBXGroup;
			children = (
				A1CE59451B2DB90800238CB5 /* Help */,
				A1CE59461B2DB90800238CB5 /* MKNetworkKit-0.87 */,
			);
			path = MKNetworkKit;
			sourceTree = "<group>";
		};
		A1CE59451B2DB90800238CB5 /* Help */ = {
			isa = PBXGroup;
			children = (
			);
			path = Help;
			sourceTree = "<group>";
		};
		A1CE59461B2DB90800238CB5 /* MKNetworkKit-0.87 */ = {
			isa = PBXGroup;
			children = (
				A1CE59471B2DB90800238CB5 /* Categories */,
				A1CE59521B2DB90800238CB5 /* MKNetworkEngine.h */,
				A1CE59531B2DB90800238CB5 /* MKNetworkEngine.m */,
				A1CE59541B2DB90800238CB5 /* MKNetworkKit.h */,
				A1CE59551B2DB90800238CB5 /* MKNetworkOperation.h */,
				A1CE59561B2DB90800238CB5 /* MKNetworkOperation.m */,
				A1CE59571B2DB90800238CB5 /* Reachability */,
			);
			path = "MKNetworkKit-0.87";
			sourceTree = "<group>";
		};
		A1CE59471B2DB90800238CB5 /* Categories */ = {
			isa = PBXGroup;
			children = (
				A1CE59481B2DB90800238CB5 /* NSData+MKBase64.h */,
				A1CE59491B2DB90800238CB5 /* NSData+MKBase64.m */,
				A1CE594A1B2DB90800238CB5 /* NSDate+RFC1123.h */,
				A1CE594B1B2DB90800238CB5 /* NSDate+RFC1123.m */,
				A1CE594C1B2DB90800238CB5 /* NSDictionary+RequestEncoding.h */,
				A1CE594D1B2DB90800238CB5 /* NSDictionary+RequestEncoding.m */,
				A1CE594E1B2DB90800238CB5 /* NSString+MKNetworkKitAdditions.h */,
				A1CE594F1B2DB90800238CB5 /* NSString+MKNetworkKitAdditions.m */,
				A1CE59501B2DB90800238CB5 /* UIAlertView+MKNetworkKitAdditions.h */,
				A1CE59511B2DB90800238CB5 /* UIAlertView+MKNetworkKitAdditions.m */,
			);
			path = Categories;
			sourceTree = "<group>";
		};
		A1CE59571B2DB90800238CB5 /* Reachability */ = {
			isa = PBXGroup;
			children = (
				A1CE59581B2DB90800238CB5 /* Reachability.h */,
				A1CE59591B2DB90800238CB5 /* Reachability.m */,
			);
			path = Reachability;
			sourceTree = "<group>";
		};
		A1CE597B1B2DBD7800238CB5 /* JJNetworkDataModelKit */ = {
			isa = PBXGroup;
			children = (
				A1CE597C1B2DBD7800238CB5 /* ApplicationLayer */,
				A1A093631B58E68700D3A3A4 /* Category */,
				A1CE59A21B2DC2C600238CB5 /* JJNetworkDataModelKit.h */,
				A1CE597F1B2DBD7800238CB5 /* LinkLayer */,
				A1CE59841B2DBD7800238CB5 /* Model */,
				A1CE59871B2DBD7800238CB5 /* Operation */,
				A1CE598A1B2DBD7800238CB5 /* ProtocolLayer */,
				A1CE598D1B2DBD7800238CB5 /* Test */,
			);
			path = JJNetworkDataModelKit;
			sourceTree = "<group>";
		};
		A1CE597C1B2DBD7800238CB5 /* ApplicationLayer */ = {
			isa = PBXGroup;
			children = (
				A1CE597D1B2DBD7800238CB5 /* JJApplicationLayerManager.h */,
				A1CE597E1B2DBD7800238CB5 /* JJApplicationLayerManager.m */,
			);
			path = ApplicationLayer;
			sourceTree = "<group>";
		};
		A1CE597F1B2DBD7800238CB5 /* LinkLayer */ = {
			isa = PBXGroup;
			children = (
				A1CE59801B2DBD7800238CB5 /* JJLinkLayerManager.h */,
				A1CE59811B2DBD7800238CB5 /* JJLinkLayerManager.m */,
				A1CE59821B2DBD7800238CB5 /* JJNetworkEngine.h */,
				A1CE59831B2DBD7800238CB5 /* JJNetworkEngine.m */,
			);
			path = LinkLayer;
			sourceTree = "<group>";
		};
		A1CE59841B2DBD7800238CB5 /* Model */ = {
			isa = PBXGroup;
			children = (
				A1A9C1111B4BB14B00A3674A /* JJCommonArrayModel.h */,
				A1A9C1121B4BB14B00A3674A /* JJCommonArrayModel.m */,
				A1CE59851B2DBD7800238CB5 /* JJModel.h */,
				A1CE59861B2DBD7800238CB5 /* JJModel.m */,
				7CCC41AB1B31A640006074B0 /* JJModelDelegate.h */,
				7C30FFBD1B323DD30025B548 /* JJJSONModel.h */,
				7C30FFBE1B323DD30025B548 /* JJJSONModel.m */,
			);
			path = Model;
			sourceTree = "<group>";
		};
		A1CE59871B2DBD7800238CB5 /* Operation */ = {
			isa = PBXGroup;
			children = (
				A1CE59881B2DBD7800238CB5 /* JJOperation.h */,
				A1CE59891B2DBD7800238CB5 /* JJOperation.m */,
			);
			path = Operation;
			sourceTree = "<group>";
		};
		A1CE598A1B2DBD7800238CB5 /* ProtocolLayer */ = {
			isa = PBXGroup;
			children = (
				A1CE598B1B2DBD7800238CB5 /* JJProtocol.h */,
				A1CE598C1B2DBD7800238CB5 /* JJProtocol.m */,
			);
			path = ProtocolLayer;
			sourceTree = "<group>";
		};
		A1CE598D1B2DBD7800238CB5 /* Test */ = {
			isa = PBXGroup;
			children = (
				A105D8EB1B2E6F8D00A80456 /* weather.archiver */,
				A1CE59941B2DBD7800238CB5 /* JJNetworkDataModelKit+Test.h */,
				A1CE59951B2DBD7800238CB5 /* JJNetworkDataModelKit+Test.m */,
				A105D8E21B2E69BF00A80456 /* JJWeatherModel.h */,
				A105D8E31B2E69BF00A80456 /* JJWeatherModel.m */,
				A105D8E51B2E69D700A80456 /* JJWeatherOperation.h */,
				A105D8E61B2E69D700A80456 /* JJWeatherOperation.m */,
				A105D8E81B2E6BBF00A80456 /* JJWeatherProtocol.h */,
				A105D8E91B2E6BBF00A80456 /* JJWeatherProtocol.m */,
				7CCC41D81B31B798006074B0 /* JJWeatherJSONModel.h */,
				7CCC41D91B31B798006074B0 /* JJWeatherJSONModel.m */,
				7CCC41DB1B31B7EE006074B0 /* JJWeatherJSONModelProtocol.h */,
				7CCC41DC1B31B7EE006074B0 /* JJWeatherJSONModelProtocol.m */,
				7CCC41DE1B31BFA2006074B0 /* JJWeatherJSONModelOperation.h */,
				7CCC41DF1B31BFA2006074B0 /* JJWeatherJSONModelOperation.m */,
			);
			path = Test;
			sourceTree = "<group>";
		};
/* End PBXGroup section */

/* Begin PBXNativeTarget section */
		A11E217F1B2C1F4D001CE732 /* JJNetworkDataModelKit */ = {
			isa = PBXNativeTarget;
			buildConfigurationList = A11E21A31B2C1F4D001CE732 /* Build configuration list for PBXNativeTarget "JJNetworkDataModelKit" */;
			buildPhases = (
				A11E217C1B2C1F4D001CE732 /* Sources */,
				A11E217D1B2C1F4D001CE732 /* Frameworks */,
				A11E217E1B2C1F4D001CE732 /* Resources */,
			);
			buildRules = (
			);
			dependencies = (
			);
			name = JJNetworkDataModelKit;
			productName = JJNetworkDataModelKit;
			productReference = A11E21801B2C1F4D001CE732 /* JJNetworkDataModelKit.app */;
			productType = "com.apple.product-type.application";
		};
		A11E21981B2C1F4D001CE732 /* JJNetworkDataModelKitTests */ = {
			isa = PBXNativeTarget;
			buildConfigurationList = A11E21A61B2C1F4D001CE732 /* Build configuration list for PBXNativeTarget "JJNetworkDataModelKitTests" */;
			buildPhases = (
				A11E21951B2C1F4D001CE732 /* Sources */,
				A11E21961B2C1F4D001CE732 /* Frameworks */,
				A11E21971B2C1F4D001CE732 /* Resources */,
			);
			buildRules = (
			);
			dependencies = (
				A11E219B1B2C1F4D001CE732 /* PBXTargetDependency */,
			);
			name = JJNetworkDataModelKitTests;
			productName = JJNetworkDataModelKitTests;
			productReference = A11E21991B2C1F4D001CE732 /* JJNetworkDataModelKitTests.xctest */;
			productType = "com.apple.product-type.bundle.unit-test";
		};
/* End PBXNativeTarget section */

/* Begin PBXProject section */
		A11E21781B2C1F4D001CE732 /* Project object */ = {
			isa = PBXProject;
			attributes = {
				LastUpgradeCheck = 0630;
				ORGANIZATIONNAME = JJ;
				TargetAttributes = {
					A11E217F1B2C1F4D001CE732 = {
						CreatedOnToolsVersion = 6.3.2;
					};
					A11E21981B2C1F4D001CE732 = {
						CreatedOnToolsVersion = 6.3.2;
						TestTargetID = A11E217F1B2C1F4D001CE732;
					};
				};
			};
			buildConfigurationList = A11E217B1B2C1F4D001CE732 /* Build configuration list for PBXProject "JJNetworkDataModelKit" */;
			compatibilityVersion = "Xcode 3.2";
			developmentRegion = English;
			hasScannedForEncodings = 0;
			knownRegions = (
				en,
				Base,
			);
			mainGroup = A11E21771B2C1F4D001CE732;
			productRefGroup = A11E21811B2C1F4D001CE732 /* Products */;
			projectDirPath = "";
			projectRoot = "";
			targets = (
				A11E217F1B2C1F4D001CE732 /* JJNetworkDataModelKit */,
				A11E21981B2C1F4D001CE732 /* JJNetworkDataModelKitTests */,
			);
		};
/* End PBXProject section */

/* Begin PBXResourcesBuildPhase section */
		A11E217E1B2C1F4D001CE732 /* Resources */ = {
			isa = PBXResourcesBuildPhase;
			buildActionMask = 2147483647;
			files = (
				A11E218F1B2C1F4D001CE732 /* Main.storyboard in Resources */,
				A11E21941B2C1F4D001CE732 /* LaunchScreen.xib in Resources */,
				A105D8EC1B2E6F8D00A80456 /* weather.archiver in Resources */,
				A11E21911B2C1F4D001CE732 /* Images.xcassets in Resources */,
			);
			runOnlyForDeploymentPostprocessing = 0;
		};
		A11E21971B2C1F4D001CE732 /* Resources */ = {
			isa = PBXResourcesBuildPhase;
			buildActionMask = 2147483647;
			files = (
			);
			runOnlyForDeploymentPostprocessing = 0;
		};
/* End PBXResourcesBuildPhase section */

/* Begin PBXSourcesBuildPhase section */
		A11E217C1B2C1F4D001CE732 /* Sources */ = {
			isa = PBXSourcesBuildPhase;
			buildActionMask = 2147483647;
			files = (
				A1CE596B1B2DB90800238CB5 /* NSValueTransformer+MTLPredefinedTransformerAdditions.m in Sources */,
				A1CE595D1B2DB90800238CB5 /* EXTScope.m in Sources */,
				A1CE59681B2DB90800238CB5 /* NSError+MTLModelException.m in Sources */,
				A1CE596F1B2DB90800238CB5 /* NSString+MKNetworkKitAdditions.m in Sources */,
				7CCC41D71B31B741006074B0 /* JSONValueTransformer.m in Sources */,
				7CCC41D61B31B741006074B0 /* JSONKeyMapper.m in Sources */,
				A105D8EA1B2E6BBF00A80456 /* JJWeatherProtocol.m in Sources */,
				7C30FFBF1B323DD30025B548 /* JJJSONModel.m in Sources */,
				A1CE59661B2DB90800238CB5 /* NSDictionary+MTLManipulationAdditions.m in Sources */,
				A1CE59731B2DB90800238CB5 /* Reachability.m in Sources */,
				A1CE595E1B2DB90800238CB5 /* MTLJSONAdapter.m in Sources */,
				7CCC41E01B31BFA2006074B0 /* JJWeatherJSONModelOperation.m in Sources */,
				A1CE596D1B2DB90800238CB5 /* NSDate+RFC1123.m in Sources */,
				A1CE59981B2DBD7800238CB5 /* JJLinkLayerManager.m in Sources */,
				7CCC41DD1B31B7EE006074B0 /* JJWeatherJSONModelProtocol.m in Sources */,
				A105D8E71B2E69D700A80456 /* JJWeatherOperation.m in Sources */,
				7CCC41CE1B31B741006074B0 /* JSONModel.m in Sources */,
				7CCC41DA1B31B798006074B0 /* JJWeatherJSONModel.m in Sources */,
				7CCC41CF1B31B741006074B0 /* JSONModelArray.m in Sources */,
				A1CE59631B2DB90800238CB5 /* MTLValueTransformer.m in Sources */,
				A1CE59711B2DB90800238CB5 /* MKNetworkEngine.m in Sources */,
				A1CE595F1B2DB90800238CB5 /* MTLModel+NSCoding.m in Sources */,
				7CCC41D31B31B741006074B0 /* JSONAPI.m in Sources */,
				A1CE59A01B2DBD7800238CB5 /* JJNetworkDataModelKit+Test.m in Sources */,
				7CCC41D01B31B741006074B0 /* JSONModelClassProperty.m in Sources */,
				A1CE596E1B2DB90800238CB5 /* NSDictionary+RequestEncoding.m in Sources */,
				7CCC41D41B31B741006074B0 /* JSONHTTPClient.m in Sources */,
				A1CE599B1B2DBD7800238CB5 /* JJOperation.m in Sources */,
				7CCC41D51B31B741006074B0 /* JSONModel+networking.m in Sources */,
				A1CE59971B2DBD7800238CB5 /* JJApplicationLayerManager.m in Sources */,
				A11E218C1B2C1F4D001CE732 /* ViewController.m in Sources */,
				7CCC41D21B31B741006074B0 /* NSArray+JSONModel.m in Sources */,
				A1A9C1131B4BB14B00A3674A /* JJCommonArrayModel.m in Sources */,
				A11E21891B2C1F4D001CE732 /* AppDelegate.m in Sources */,
				A11E21861B2C1F4D001CE732 /* main.m in Sources */,
				A1CE59721B2DB90800238CB5 /* MKNetworkOperation.m in Sources */,
				A1CE59601B2DB90800238CB5 /* MTLModel.m in Sources */,
				7CCC41D11B31B741006074B0 /* JSONModelError.m in Sources */,
				A1A093691B58E68700D3A3A4 /* NSFileManager+JJ.m in Sources */,
				A1CE596C1B2DB90800238CB5 /* NSData+MKBase64.m in Sources */,
				A1CE59671B2DB90800238CB5 /* NSDictionary+MTLMappingAdditions.m in Sources */,
				A1CE599C1B2DBD7800238CB5 /* JJProtocol.m in Sources */,
				A1CE596A1B2DB90800238CB5 /* NSValueTransformer+MTLInversionAdditions.m in Sources */,
				A1CE595C1B2DB90800238CB5 /* EXTRuntimeExtensions.m in Sources */,
				A1CE59691B2DB90800238CB5 /* NSObject+MTLComparisonAdditions.m in Sources */,
				A1CE59611B2DB90800238CB5 /* MTLReflection.m in Sources */,
				A1A093681B58E68700D3A3A4 /* JSONValueTransformer+JJ.m in Sources */,
				A1CE59701B2DB90800238CB5 /* UIAlertView+MKNetworkKitAdditions.m in Sources */,
				A1CE59641B2DB90800238CB5 /* NSArray+MTLManipulationAdditions.m in Sources */,
				A1CE59621B2DB90800238CB5 /* MTLTransformerErrorHandling.m in Sources */,
				A105D8E41B2E69BF00A80456 /* JJWeatherModel.m in Sources */,
				A1CE599A1B2DBD7800238CB5 /* JJModel.m in Sources */,
				A1CE59991B2DBD7800238CB5 /* JJNetworkEngine.m in Sources */,
				A1CE59651B2DB90800238CB5 /* NSDictionary+MTLJSONKeyPath.m in Sources */,
			);
			runOnlyForDeploymentPostprocessing = 0;
		};
		A11E21951B2C1F4D001CE732 /* Sources */ = {
			isa = PBXSourcesBuildPhase;
			buildActionMask = 2147483647;
			files = (
				A11E21A01B2C1F4D001CE732 /* JJNetworkDataModelKitTests.m in Sources */,
			);
			runOnlyForDeploymentPostprocessing = 0;
		};
/* End PBXSourcesBuildPhase section */

/* Begin PBXTargetDependency section */
		A11E219B1B2C1F4D001CE732 /* PBXTargetDependency */ = {
			isa = PBXTargetDependency;
			target = A11E217F1B2C1F4D001CE732 /* JJNetworkDataModelKit */;
			targetProxy = A11E219A1B2C1F4D001CE732 /* PBXContainerItemProxy */;
		};
/* End PBXTargetDependency section */

/* Begin PBXVariantGroup section */
		A11E218D1B2C1F4D001CE732 /* Main.storyboard */ = {
			isa = PBXVariantGroup;
			children = (
				A11E218E1B2C1F4D001CE732 /* Base */,
			);
			name = Main.storyboard;
			sourceTree = "<group>";
		};
		A11E21921B2C1F4D001CE732 /* LaunchScreen.xib */ = {
			isa = PBXVariantGroup;
			children = (
				A11E21931B2C1F4D001CE732 /* Base */,
			);
			name = LaunchScreen.xib;
			sourceTree = "<group>";
		};
/* End PBXVariantGroup section */

/* Begin XCBuildConfiguration section */
		A11E21A11B2C1F4D001CE732 /* Debug */ = {
			isa = XCBuildConfiguration;
			buildSettings = {
				ALWAYS_SEARCH_USER_PATHS = NO;
				CLANG_CXX_LANGUAGE_STANDARD = "gnu++0x";
				CLANG_CXX_LIBRARY = "libc++";
				CLANG_ENABLE_MODULES = YES;
				CLANG_ENABLE_OBJC_ARC = YES;
				CLANG_WARN_BOOL_CONVERSION = YES;
				CLANG_WARN_CONSTANT_CONVERSION = YES;
				CLANG_WARN_DIRECT_OBJC_ISA_USAGE = YES_ERROR;
				CLANG_WARN_EMPTY_BODY = YES;
				CLANG_WARN_ENUM_CONVERSION = YES;
				CLANG_WARN_INT_CONVERSION = YES;
				CLANG_WARN_OBJC_ROOT_CLASS = YES_ERROR;
				CLANG_WARN_UNREACHABLE_CODE = YES;
				CLANG_WARN__DUPLICATE_METHOD_MATCH = YES;
				"CODE_SIGN_IDENTITY[sdk=iphoneos*]" = "iPhone Developer";
				COPY_PHASE_STRIP = NO;
				DEBUG_INFORMATION_FORMAT = "dwarf-with-dsym";
				ENABLE_STRICT_OBJC_MSGSEND = YES;
				GCC_C_LANGUAGE_STANDARD = gnu99;
				GCC_DYNAMIC_NO_PIC = NO;
				GCC_NO_COMMON_BLOCKS = YES;
				GCC_OPTIMIZATION_LEVEL = 0;
				GCC_PREPROCESSOR_DEFINITIONS = (
					"DEBUG=1",
					"$(inherited)",
				);
				GCC_SYMBOLS_PRIVATE_EXTERN = NO;
				GCC_WARN_64_TO_32_BIT_CONVERSION = YES;
				GCC_WARN_ABOUT_RETURN_TYPE = YES_ERROR;
				GCC_WARN_UNDECLARED_SELECTOR = YES;
				GCC_WARN_UNINITIALIZED_AUTOS = YES_AGGRESSIVE;
				GCC_WARN_UNUSED_FUNCTION = YES;
				GCC_WARN_UNUSED_VARIABLE = YES;
				IPHONEOS_DEPLOYMENT_TARGET = 8.3;
				MTL_ENABLE_DEBUG_INFO = YES;
				ONLY_ACTIVE_ARCH = YES;
				SDKROOT = iphoneos;
				TARGETED_DEVICE_FAMILY = "1,2";
			};
			name = Debug;
		};
		A11E21A21B2C1F4D001CE732 /* Release */ = {
			isa = XCBuildConfiguration;
			buildSettings = {
				ALWAYS_SEARCH_USER_PATHS = NO;
				CLANG_CXX_LANGUAGE_STANDARD = "gnu++0x";
				CLANG_CXX_LIBRARY = "libc++";
				CLANG_ENABLE_MODULES = YES;
				CLANG_ENABLE_OBJC_ARC = YES;
				CLANG_WARN_BOOL_CONVERSION = YES;
				CLANG_WARN_CONSTANT_CONVERSION = YES;
				CLANG_WARN_DIRECT_OBJC_ISA_USAGE = YES_ERROR;
				CLANG_WARN_EMPTY_BODY = YES;
				CLANG_WARN_ENUM_CONVERSION = YES;
				CLANG_WARN_INT_CONVERSION = YES;
				CLANG_WARN_OBJC_ROOT_CLASS = YES_ERROR;
				CLANG_WARN_UNREACHABLE_CODE = YES;
				CLANG_WARN__DUPLICATE_METHOD_MATCH = YES;
				"CODE_SIGN_IDENTITY[sdk=iphoneos*]" = "iPhone Developer";
				COPY_PHASE_STRIP = NO;
				DEBUG_INFORMATION_FORMAT = "dwarf-with-dsym";
				ENABLE_NS_ASSERTIONS = NO;
				ENABLE_STRICT_OBJC_MSGSEND = YES;
				GCC_C_LANGUAGE_STANDARD = gnu99;
				GCC_NO_COMMON_BLOCKS = YES;
				GCC_WARN_64_TO_32_BIT_CONVERSION = YES;
				GCC_WARN_ABOUT_RETURN_TYPE = YES_ERROR;
				GCC_WARN_UNDECLARED_SELECTOR = YES;
				GCC_WARN_UNINITIALIZED_AUTOS = YES_AGGRESSIVE;
				GCC_WARN_UNUSED_FUNCTION = YES;
				GCC_WARN_UNUSED_VARIABLE = YES;
				IPHONEOS_DEPLOYMENT_TARGET = 8.3;
				MTL_ENABLE_DEBUG_INFO = NO;
				SDKROOT = iphoneos;
				TARGETED_DEVICE_FAMILY = "1,2";
				VALIDATE_PRODUCT = YES;
			};
			name = Release;
		};
		A11E21A41B2C1F4D001CE732 /* Debug */ = {
			isa = XCBuildConfiguration;
			buildSettings = {
				ASSETCATALOG_COMPILER_APPICON_NAME = AppIcon;
				GCC_PREFIX_HEADER = "JJNetworkDataModelKit/JJNetworkDataModelKit-Prefix.pch";
				INFOPLIST_FILE = JJNetworkDataModelKit/Info.plist;
				LD_RUNPATH_SEARCH_PATHS = "$(inherited) @executable_path/Frameworks";
				PRODUCT_NAME = "$(TARGET_NAME)";
			};
			name = Debug;
		};
		A11E21A51B2C1F4D001CE732 /* Release */ = {
			isa = XCBuildConfiguration;
			buildSettings = {
				ASSETCATALOG_COMPILER_APPICON_NAME = AppIcon;
				GCC_PREFIX_HEADER = "JJNetworkDataModelKit/JJNetworkDataModelKit-Prefix.pch";
				INFOPLIST_FILE = JJNetworkDataModelKit/Info.plist;
				LD_RUNPATH_SEARCH_PATHS = "$(inherited) @executable_path/Frameworks";
				PRODUCT_NAME = "$(TARGET_NAME)";
			};
			name = Release;
		};
		A11E21A71B2C1F4D001CE732 /* Debug */ = {
			isa = XCBuildConfiguration;
			buildSettings = {
				BUNDLE_LOADER = "$(TEST_HOST)";
				FRAMEWORK_SEARCH_PATHS = (
					"$(SDKROOT)/Developer/Library/Frameworks",
					"$(inherited)",
				);
				GCC_PREPROCESSOR_DEFINITIONS = (
					"DEBUG=1",
					"$(inherited)",
				);
				INFOPLIST_FILE = JJNetworkDataModelKitTests/Info.plist;
				LD_RUNPATH_SEARCH_PATHS = "$(inherited) @executable_path/Frameworks @loader_path/Frameworks";
				PRODUCT_NAME = "$(TARGET_NAME)";
				TEST_HOST = "$(BUILT_PRODUCTS_DIR)/JJNetworkDataModelKit.app/JJNetworkDataModelKit";
			};
			name = Debug;
		};
		A11E21A81B2C1F4D001CE732 /* Release */ = {
			isa = XCBuildConfiguration;
			buildSettings = {
				BUNDLE_LOADER = "$(TEST_HOST)";
				FRAMEWORK_SEARCH_PATHS = (
					"$(SDKROOT)/Developer/Library/Frameworks",
					"$(inherited)",
				);
				INFOPLIST_FILE = JJNetworkDataModelKitTests/Info.plist;
				LD_RUNPATH_SEARCH_PATHS = "$(inherited) @executable_path/Frameworks @loader_path/Frameworks";
				PRODUCT_NAME = "$(TARGET_NAME)";
				TEST_HOST = "$(BUILT_PRODUCTS_DIR)/JJNetworkDataModelKit.app/JJNetworkDataModelKit";
			};
			name = Release;
		};
/* End XCBuildConfiguration section */

/* Begin XCConfigurationList section */
		A11E217B1B2C1F4D001CE732 /* Build configuration list for PBXProject "JJNetworkDataModelKit" */ = {
			isa = XCConfigurationList;
			buildConfigurations = (
				A11E21A11B2C1F4D001CE732 /* Debug */,
				A11E21A21B2C1F4D001CE732 /* Release */,
			);
			defaultConfigurationIsVisible = 0;
			defaultConfigurationName = Release;
		};
		A11E21A31B2C1F4D001CE732 /* Build configuration list for PBXNativeTarget "JJNetworkDataModelKit" */ = {
			isa = XCConfigurationList;
			buildConfigurations = (
				A11E21A41B2C1F4D001CE732 /* Debug */,
				A11E21A51B2C1F4D001CE732 /* Release */,
			);
			defaultConfigurationIsVisible = 0;
			defaultConfigurationName = Release;
		};
		A11E21A61B2C1F4D001CE732 /* Build configuration list for PBXNativeTarget "JJNetworkDataModelKitTests" */ = {
			isa = XCConfigurationList;
			buildConfigurations = (
				A11E21A71B2C1F4D001CE732 /* Debug */,
				A11E21A81B2C1F4D001CE732 /* Release */,
			);
			defaultConfigurationIsVisible = 0;
			defaultConfigurationName = Release;
		};
/* End XCConfigurationList section */
	};
	rootObject = A11E21781B2C1F4D001CE732 /* Project object */;
}
