// !$*UTF8*$!
{
	archiveVersion = 1;
	classes = {
	};
	objectVersion = 46;
	objects = {

/* Begin PBXBuildFile section */
		A11E21861B2C1F4D001CE732 /* main.m in Sources */ = {isa = PBXBuildFile; fileRef = A11E21851B2C1F4D001CE732 /* main.m */; };
		A11E21891B2C1F4D001CE732 /* AppDelegate.m in Sources */ = {isa = PBXBuildFile; fileRef = A11E21881B2C1F4D001CE732 /* AppDelegate.m */; };
		A11E218C1B2C1F4D001CE732 /* ViewController.m in Sources */ = {isa = PBXBuildFile; fileRef = A11E218B1B2C1F4D001CE732 /* ViewController.m */; };
		A11E218F1B2C1F4D001CE732 /* Main.storyboard in Resources */ = {isa = PBXBuildFile; fileRef = A11E218D1B2C1F4D001CE732 /* Main.storyboard */; };
		A11E21911B2C1F4D001CE732 /* Images.xcassets in Resources */ = {isa = PBXBuildFile; fileRef = A11E21901B2C1F4D001CE732 /* Images.xcassets */; };
		A11E21941B2C1F4D001CE732 /* LaunchScreen.xib in Resources */ = {isa = PBXBuildFile; fileRef = A11E21921B2C1F4D001CE732 /* LaunchScreen.xib */; };
		A11E21A01B2C1F4D001CE732 /* JJNetworkDataModelKitTests.m in Sources */ = {isa = PBXBuildFile; fileRef = A11E219F1B2C1F4D001CE732 /* JJNetworkDataModelKitTests.m */; };
/* End PBXBuildFile section */

/* Begin PBXContainerItemProxy section */
		A11E219A1B2C1F4D001CE732 /* PBXContainerItemProxy */ = {
			isa = PBXContainerItemProxy;
			containerPortal = A11E21781B2C1F4D001CE732 /* Project object */;
			proxyType = 1;
			remoteGlobalIDString = A11E217F1B2C1F4D001CE732;
			remoteInfo = JJNetworkDataModelKit;
		};
/* End PBXContainerItemProxy section */

/* Begin PBXFileReference section */
		A11E21801B2C1F4D001CE732 /* JJNetworkDataModelKit.app */ = {isa = PBXFileReference; explicitFileType = wrapper.application; includeInIndex = 0; path = JJNetworkDataModelKit.app; sourceTree = BUILT_PRODUCTS_DIR; };
		A11E21841B2C1F4D001CE732 /* Info.plist */ = {isa = PBXFileReference; lastKnownFileType = text.plist.xml; path = Info.plist; sourceTree = "<group>"; };
		A11E21851B2C1F4D001CE732 /* main.m */ = {isa = PBXFileReference; lastKnownFileType = sourcecode.c.objc; path = main.m; sourceTree = "<group>"; };
		A11E21871B2C1F4D001CE732 /* AppDelegate.h */ = {isa = PBXFileReference; lastKnownFileType = sourcecode.c.h; path = AppDelegate.h; sourceTree = "<group>"; };
		A11E21881B2C1F4D001CE732 /* AppDelegate.m */ = {isa = PBXFileReference; lastKnownFileType = sourcecode.c.objc; path = AppDelegate.m; sourceTree = "<group>"; };
		A11E218A1B2C1F4D001CE732 /* ViewController.h */ = {isa = PBXFileReference; lastKnownFileType = sourcecode.c.h; path = ViewController.h; sourceTree = "<group>"; };
		A11E218B1B2C1F4D001CE732 /* ViewController.m */ = {isa = PBXFileReference; lastKnownFileType = sourcecode.c.objc; path = ViewController.m; sourceTree = "<group>"; };
		A11E218E1B2C1F4D001CE732 /* Base */ = {isa = PBXFileReference; lastKnownFileType = file.storyboard; name = Base; path = Base.lproj/Main.storyboard; sourceTree = "<group>"; };
		A11E21901B2C1F4D001CE732 /* Images.xcassets */ = {isa = PBXFileReference; lastKnownFileType = folder.assetcatalog; path = Images.xcassets; sourceTree = "<group>"; };
		A11E21931B2C1F4D001CE732 /* Base */ = {isa = PBXFileReference; lastKnownFileType = file.xib; name = Base; path = Base.lproj/LaunchScreen.xib; sourceTree = "<group>"; };
		A11E21991B2C1F4D001CE732 /* JJNetworkDataModelKitTests.xctest */ = {isa = PBXFileReference; explicitFileType = wrapper.cfbundle; includeInIndex = 0; path = JJNetworkDataModelKitTests.xctest; sourceTree = BUILT_PRODUCTS_DIR; };
		A11E219E1B2C1F4D001CE732 /* Info.plist */ = {isa = PBXFileReference; lastKnownFileType = text.plist.xml; path = Info.plist; sourceTree = "<group>"; };
		A11E219F1B2C1F4D001CE732 /* JJNetworkDataModelKitTests.m */ = {isa = PBXFileReference; lastKnownFileType = sourcecode.c.objc; path = JJNetworkDataModelKitTests.m; sourceTree = "<group>"; };
/* End PBXFileReference section */

/* Begin PBXFrameworksBuildPhase section */
		A11E217D1B2C1F4D001CE732 /* Frameworks */ = {
			isa = PBXFrameworksBuildPhase;
			buildActionMask = 2147483647;
			files = (
			);
			runOnlyForDeploymentPostprocessing = 0;
		};
		A11E21961B2C1F4D001CE732 /* Frameworks */ = {
			isa = PBXFrameworksBuildPhase;
			buildActionMask = 2147483647;
			files = (
			);
			runOnlyForDeploymentPostprocessing = 0;
		};
/* End PBXFrameworksBuildPhase section */

/* Begin PBXGroup section */
		A11E21771B2C1F4D001CE732 = {
			isa = PBXGroup;
			children = (
				A11E21821B2C1F4D001CE732 /* JJNetworkDataModelKit */,
				A11E219C1B2C1F4D001CE732 /* JJNetworkDataModelKitTests */,
				A11E21811B2C1F4D001CE732 /* Products */,
			);
			sourceTree = "<group>";
		};
		A11E21811B2C1F4D001CE732 /* Products */ = {
			isa = PBXGroup;
			children = (
				A11E21801B2C1F4D001CE732 /* JJNetworkDataModelKit.app */,
				A11E21991B2C1F4D001CE732 /* JJNetworkDataModelKitTests.xctest */,
			);
			name = Products;
			sourceTree = "<group>";
		};
		A11E21821B2C1F4D001CE732 /* JJNetworkDataModelKit */ = {
			isa = PBXGroup;
			children = (
				A11E21871B2C1F4D001CE732 /* AppDelegate.h */,
				A11E21881B2C1F4D001CE732 /* AppDelegate.m */,
				A11E218A1B2C1F4D001CE732 /* ViewController.h */,
				A11E218B1B2C1F4D001CE732 /* ViewController.m */,
				A11E218D1B2C1F4D001CE732 /* Main.storyboard */,
				A11E21901B2C1F4D001CE732 /* Images.xcassets */,
				A11E21921B2C1F4D001CE732 /* LaunchScreen.xib */,
				A11E21831B2C1F4D001CE732 /* Supporting Files */,
			);
			path = JJNetworkDataModelKit;
			sourceTree = "<group>";
		};
		A11E21831B2C1F4D001CE732 /* Supporting Files */ = {
			isa = PBXGroup;
			children = (
				A11E21841B2C1F4D001CE732 /* Info.plist */,
				A11E21851B2C1F4D001CE732 /* main.m */,
			);
			name = "Supporting Files";
			sourceTree = "<group>";
		};
		A11E219C1B2C1F4D001CE732 /* JJNetworkDataModelKitTests */ = {
			isa = PBXGroup;
			children = (
				A11E219F1B2C1F4D001CE732 /* JJNetworkDataModelKitTests.m */,
				A11E219D1B2C1F4D001CE732 /* Supporting Files */,
			);
			path = JJNetworkDataModelKitTests;
			sourceTree = "<group>";
		};
		A11E219D1B2C1F4D001CE732 /* Supporting Files */ = {
			isa = PBXGroup;
			children = (
				A11E219E1B2C1F4D001CE732 /* Info.plist */,
			);
			name = "Supporting Files";
			sourceTree = "<group>";
		};
/* End PBXGroup section */

/* Begin PBXNativeTarget section */
		A11E217F1B2C1F4D001CE732 /* JJNetworkDataModelKit */ = {
			isa = PBXNativeTarget;
			buildConfigurationList = A11E21A31B2C1F4D001CE732 /* Build configuration list for PBXNativeTarget "JJNetworkDataModelKit" */;
			buildPhases = (
				A11E217C1B2C1F4D001CE732 /* Sources */,
				A11E217D1B2C1F4D001CE732 /* Frameworks */,
				A11E217E1B2C1F4D001CE732 /* Resources */,
			);
			buildRules = (
			);
			dependencies = (
			);
			name = JJNetworkDataModelKit;
			productName = JJNetworkDataModelKit;
			productReference = A11E21801B2C1F4D001CE732 /* JJNetworkDataModelKit.app */;
			productType = "com.apple.product-type.application";
		};
		A11E21981B2C1F4D001CE732 /* JJNetworkDataModelKitTests */ = {
			isa = PBXNativeTarget;
			buildConfigurationList = A11E21A61B2C1F4D001CE732 /* Build configuration list for PBXNativeTarget "JJNetworkDataModelKitTests" */;
			buildPhases = (
				A11E21951B2C1F4D001CE732 /* Sources */,
				A11E21961B2C1F4D001CE732 /* Frameworks */,
				A11E21971B2C1F4D001CE732 /* Resources */,
			);
			buildRules = (
			);
			dependencies = (
				A11E219B1B2C1F4D001CE732 /* PBXTargetDependency */,
			);
			name = JJNetworkDataModelKitTests;
			productName = JJNetworkDataModelKitTests;
			productReference = A11E21991B2C1F4D001CE732 /* JJNetworkDataModelKitTests.xctest */;
			productType = "com.apple.product-type.bundle.unit-test";
		};
/* End PBXNativeTarget section */

/* Begin PBXProject section */
		A11E21781B2C1F4D001CE732 /* Project object */ = {
			isa = PBXProject;
			attributes = {
				LastUpgradeCheck = 0630;
				ORGANIZATIONNAME = JJ;
				TargetAttributes = {
					A11E217F1B2C1F4D001CE732 = {
						CreatedOnToolsVersion = 6.3.2;
					};
					A11E21981B2C1F4D001CE732 = {
						CreatedOnToolsVersion = 6.3.2;
						TestTargetID = A11E217F1B2C1F4D001CE732;
					};
				};
			};
			buildConfigurationList = A11E217B1B2C1F4D001CE732 /* Build configuration list for PBXProject "JJNetworkDataModelKit" */;
			compatibilityVersion = "Xcode 3.2";
			developmentRegion = English;
			hasScannedForEncodings = 0;
			knownRegions = (
				en,
				Base,
			);
			mainGroup = A11E21771B2C1F4D001CE732;
			productRefGroup = A11E21811B2C1F4D001CE732 /* Products */;
			projectDirPath = "";
			projectRoot = "";
			targets = (
				A11E217F1B2C1F4D001CE732 /* JJNetworkDataModelKit */,
				A11E21981B2C1F4D001CE732 /* JJNetworkDataModelKitTests */,
			);
		};
/* End PBXProject section */

/* Begin PBXResourcesBuildPhase section */
		A11E217E1B2C1F4D001CE732 /* Resources */ = {
			isa = PBXResourcesBuildPhase;
			buildActionMask = 2147483647;
			files = (
				A11E218F1B2C1F4D001CE732 /* Main.storyboard in Resources */,
				A11E21941B2C1F4D001CE732 /* LaunchScreen.xib in Resources */,
				A11E21911B2C1F4D001CE732 /* Images.xcassets in Resources */,
			);
			runOnlyForDeploymentPostprocessing = 0;
		};
		A11E21971B2C1F4D001CE732 /* Resources */ = {
			isa = PBXResourcesBuildPhase;
			buildActionMask = 2147483647;
			files = (
			);
			runOnlyForDeploymentPostprocessing = 0;
		};
/* End PBXResourcesBuildPhase section */

/* Begin PBXSourcesBuildPhase section */
		A11E217C1B2C1F4D001CE732 /* Sources */ = {
			isa = PBXSourcesBuildPhase;
			buildActionMask = 2147483647;
			files = (
				A11E218C1B2C1F4D001CE732 /* ViewController.m in Sources */,
				A11E21891B2C1F4D001CE732 /* AppDelegate.m in Sources */,
				A11E21861B2C1F4D001CE732 /* main.m in Sources */,
			);
			runOnlyForDeploymentPostprocessing = 0;
		};
		A11E21951B2C1F4D001CE732 /* Sources */ = {
			isa = PBXSourcesBuildPhase;
			buildActionMask = 2147483647;
			files = (
				A11E21A01B2C1F4D001CE732 /* JJNetworkDataModelKitTests.m in Sources */,
			);
			runOnlyForDeploymentPostprocessing = 0;
		};
/* End PBXSourcesBuildPhase section */

/* Begin PBXTargetDependency section */
		A11E219B1B2C1F4D001CE732 /* PBXTargetDependency */ = {
			isa = PBXTargetDependency;
			target = A11E217F1B2C1F4D001CE732 /* JJNetworkDataModelKit */;
			targetProxy = A11E219A1B2C1F4D001CE732 /* PBXContainerItemProxy */;
		};
/* End PBXTargetDependency section */

/* Begin PBXVariantGroup section */
		A11E218D1B2C1F4D001CE732 /* Main.storyboard */ = {
			isa = PBXVariantGroup;
			children = (
				A11E218E1B2C1F4D001CE732 /* Base */,
			);
			name = Main.storyboard;
			sourceTree = "<group>";
		};
		A11E21921B2C1F4D001CE732 /* LaunchScreen.xib */ = {
			isa = PBXVariantGroup;
			children = (
				A11E21931B2C1F4D001CE732 /* Base */,
			);
			name = LaunchScreen.xib;
			sourceTree = "<group>";
		};
/* End PBXVariantGroup section */

/* Begin XCBuildConfiguration section */
		A11E21A11B2C1F4D001CE732 /* Debug */ = {
			isa = XCBuildConfiguration;
			buildSettings = {
				ALWAYS_SEARCH_USER_PATHS = NO;
				CLANG_CXX_LANGUAGE_STANDARD = "gnu++0x";
				CLANG_CXX_LIBRARY = "libc++";
				CLANG_ENABLE_MODULES = YES;
				CLANG_ENABLE_OBJC_ARC = YES;
				CLANG_WARN_BOOL_CONVERSION = YES;
				CLANG_WARN_CONSTANT_CONVERSION = YES;
				CLANG_WARN_DIRECT_OBJC_ISA_USAGE = YES_ERROR;
				CLANG_WARN_EMPTY_BODY = YES;
				CLANG_WARN_ENUM_CONVERSION = YES;
				CLANG_WARN_INT_CONVERSION = YES;
				CLANG_WARN_OBJC_ROOT_CLASS = YES_ERROR;
				CLANG_WARN_UNREACHABLE_CODE = YES;
				CLANG_WARN__DUPLICATE_METHOD_MATCH = YES;
				"CODE_SIGN_IDENTITY[sdk=iphoneos*]" = "iPhone Developer";
				COPY_PHASE_STRIP = NO;
				DEBUG_INFORMATION_FORMAT = "dwarf-with-dsym";
				ENABLE_STRICT_OBJC_MSGSEND = YES;
				GCC_C_LANGUAGE_STANDARD = gnu99;
				GCC_DYNAMIC_NO_PIC = NO;
				GCC_NO_COMMON_BLOCKS = YES;
				GCC_OPTIMIZATION_LEVEL = 0;
				GCC_PREPROCESSOR_DEFINITIONS = (
					"DEBUG=1",
					"$(inherited)",
				);
				GCC_SYMBOLS_PRIVATE_EXTERN = NO;
				GCC_WARN_64_TO_32_BIT_CONVERSION = YES;
				GCC_WARN_ABOUT_RETURN_TYPE = YES_ERROR;
				GCC_WARN_UNDECLARED_SELECTOR = YES;
				GCC_WARN_UNINITIALIZED_AUTOS = YES_AGGRESSIVE;
				GCC_WARN_UNUSED_FUNCTION = YES;
				GCC_WARN_UNUSED_VARIABLE = YES;
				IPHONEOS_DEPLOYMENT_TARGET = 8.3;
				MTL_ENABLE_DEBUG_INFO = YES;
				ONLY_ACTIVE_ARCH = YES;
				SDKROOT = iphoneos;
				TARGETED_DEVICE_FAMILY = "1,2";
			};
			name = Debug;
		};
		A11E21A21B2C1F4D001CE732 /* Release */ = {
			isa = XCBuildConfiguration;
			buildSettings = {
				ALWAYS_SEARCH_USER_PATHS = NO;
				CLANG_CXX_LANGUAGE_STANDARD = "gnu++0x";
				CLANG_CXX_LIBRARY = "libc++";
				CLANG_ENABLE_MODULES = YES;
				CLANG_ENABLE_OBJC_ARC = YES;
				CLANG_WARN_BOOL_CONVERSION = YES;
				CLANG_WARN_CONSTANT_CONVERSION = YES;
				CLANG_WARN_DIRECT_OBJC_ISA_USAGE = YES_ERROR;
				CLANG_WARN_EMPTY_BODY = YES;
				CLANG_WARN_ENUM_CONVERSION = YES;
				CLANG_WARN_INT_CONVERSION = YES;
				CLANG_WARN_OBJC_ROOT_CLASS = YES_ERROR;
				CLANG_WARN_UNREACHABLE_CODE = YES;
				CLANG_WARN__DUPLICATE_METHOD_MATCH = YES;
				"CODE_SIGN_IDENTITY[sdk=iphoneos*]" = "iPhone Developer";
				COPY_PHASE_STRIP = NO;
				DEBUG_INFORMATION_FORMAT = "dwarf-with-dsym";
				ENABLE_NS_ASSERTIONS = NO;
				ENABLE_STRICT_OBJC_MSGSEND = YES;
				GCC_C_LANGUAGE_STANDARD = gnu99;
				GCC_NO_COMMON_BLOCKS = YES;
				GCC_WARN_64_TO_32_BIT_CONVERSION = YES;
				GCC_WARN_ABOUT_RETURN_TYPE = YES_ERROR;
				GCC_WARN_UNDECLARED_SELECTOR = YES;
				GCC_WARN_UNINITIALIZED_AUTOS = YES_AGGRESSIVE;
				GCC_WARN_UNUSED_FUNCTION = YES;
				GCC_WARN_UNUSED_VARIABLE = YES;
				IPHONEOS_DEPLOYMENT_TARGET = 8.3;
				MTL_ENABLE_DEBUG_INFO = NO;
				SDKROOT = iphoneos;
				TARGETED_DEVICE_FAMILY = "1,2";
				VALIDATE_PRODUCT = YES;
			};
			name = Release;
		};
		A11E21A41B2C1F4D001CE732 /* Debug */ = {
			isa = XCBuildConfiguration;
			buildSettings = {
				ASSETCATALOG_COMPILER_APPICON_NAME = AppIcon;
				INFOPLIST_FILE = JJNetworkDataModelKit/Info.plist;
				LD_RUNPATH_SEARCH_PATHS = "$(inherited) @executable_path/Frameworks";
				PRODUCT_NAME = "$(TARGET_NAME)";
			};
			name = Debug;
		};
		A11E21A51B2C1F4D001CE732 /* Release */ = {
			isa = XCBuildConfiguration;
			buildSettings = {
				ASSETCATALOG_COMPILER_APPICON_NAME = AppIcon;
				INFOPLIST_FILE = JJNetworkDataModelKit/Info.plist;
				LD_RUNPATH_SEARCH_PATHS = "$(inherited) @executable_path/Frameworks";
				PRODUCT_NAME = "$(TARGET_NAME)";
			};
			name = Release;
		};
		A11E21A71B2C1F4D001CE732 /* Debug */ = {
			isa = XCBuildConfiguration;
			buildSettings = {
				BUNDLE_LOADER = "$(TEST_HOST)";
				FRAMEWORK_SEARCH_PATHS = (
					"$(SDKROOT)/Developer/Library/Frameworks",
					"$(inherited)",
				);
				GCC_PREPROCESSOR_DEFINITIONS = (
					"DEBUG=1",
					"$(inherited)",
				);
				INFOPLIST_FILE = JJNetworkDataModelKitTests/Info.plist;
				LD_RUNPATH_SEARCH_PATHS = "$(inherited) @executable_path/Frameworks @loader_path/Frameworks";
				PRODUCT_NAME = "$(TARGET_NAME)";
				TEST_HOST = "$(BUILT_PRODUCTS_DIR)/JJNetworkDataModelKit.app/JJNetworkDataModelKit";
			};
			name = Debug;
		};
		A11E21A81B2C1F4D001CE732 /* Release */ = {
			isa = XCBuildConfiguration;
			buildSettings = {
				BUNDLE_LOADER = "$(TEST_HOST)";
				FRAMEWORK_SEARCH_PATHS = (
					"$(SDKROOT)/Developer/Library/Frameworks",
					"$(inherited)",
				);
				INFOPLIST_FILE = JJNetworkDataModelKitTests/Info.plist;
				LD_RUNPATH_SEARCH_PATHS = "$(inherited) @executable_path/Frameworks @loader_path/Frameworks";
				PRODUCT_NAME = "$(TARGET_NAME)";
				TEST_HOST = "$(BUILT_PRODUCTS_DIR)/JJNetworkDataModelKit.app/JJNetworkDataModelKit";
			};
			name = Release;
		};
/* End XCBuildConfiguration section */

/* Begin XCConfigurationList section */
		A11E217B1B2C1F4D001CE732 /* Build configuration list for PBXProject "JJNetworkDataModelKit" */ = {
			isa = XCConfigurationList;
			buildConfigurations = (
				A11E21A11B2C1F4D001CE732 /* Debug */,
				A11E21A21B2C1F4D001CE732 /* Release */,
			);
			defaultConfigurationIsVisible = 0;
			defaultConfigurationName = Release;
		};
		A11E21A31B2C1F4D001CE732 /* Build configuration list for PBXNativeTarget "JJNetworkDataModelKit" */ = {
			isa = XCConfigurationList;
			buildConfigurations = (
				A11E21A41B2C1F4D001CE732 /* Debug */,
				A11E21A51B2C1F4D001CE732 /* Release */,
			);
			defaultConfigurationIsVisible = 0;
		};
		A11E21A61B2C1F4D001CE732 /* Build configuration list for PBXNativeTarget "JJNetworkDataModelKitTests" */ = {
			isa = XCConfigurationList;
			buildConfigurations = (
				A11E21A71B2C1F4D001CE732 /* Debug */,
				A11E21A81B2C1F4D001CE732 /* Release */,
			);
			defaultConfigurationIsVisible = 0;
		};
/* End XCConfigurationList section */
	};
	rootObject = A11E21781B2C1F4D001CE732 /* Project object */;
}
